// !$*UTF8*$!
{
	archiveVersion = 1;
	classes = {
	};
	objectVersion = 46;
	objects = {

/* Begin PBXBuildFile section */
		3F3544E21D98213A003941CB /* FanSabisuKit.h in Headers */ = {isa = PBXBuildFile; fileRef = 3F3544E01D98213A003941CB /* FanSabisuKit.h */; settings = {ATTRIBUTES = (Public, ); }; };
		3F3544E51D98213A003941CB /* FanSabisuKit.framework in Frameworks */ = {isa = PBXBuildFile; fileRef = 3F3544DE1D98213A003941CB /* FanSabisuKit.framework */; };
		3F3544E61D98213A003941CB /* FanSabisuKit.framework in Embed Frameworks */ = {isa = PBXBuildFile; fileRef = 3F3544DE1D98213A003941CB /* FanSabisuKit.framework */; settings = {ATTRIBUTES = (CodeSignOnCopy, RemoveHeadersOnCopy, ); }; };
		3F3544EC1D982185003941CB /* MediaDownloader.swift in Sources */ = {isa = PBXBuildFile; fileRef = 3F3544EB1D982185003941CB /* MediaDownloader.swift */; };
		3F3544F01D983050003941CB /* TokenProvider.swift in Sources */ = {isa = PBXBuildFile; fileRef = 3F3544EF1D983050003941CB /* TokenProvider.swift */; };
		3F5117F51D9F03D900676E60 /* UIImage+GIF.swift in Sources */ = {isa = PBXBuildFile; fileRef = 3F5117F41D9F03D900676E60 /* UIImage+GIF.swift */; };
		3F5117F71D9F23BB00676E60 /* UIViewController+PresentMessage.swift in Sources */ = {isa = PBXBuildFile; fileRef = 3F5117F61D9F23BB00676E60 /* UIViewController+PresentMessage.swift */; };
		3F5117F91D9F251000676E60 /* URL+Validator.swift in Sources */ = {isa = PBXBuildFile; fileRef = 3F5117F81D9F251000676E60 /* URL+Validator.swift */; };
		3F78E8971D9D989B000361FF /* MediaCell.swift in Sources */ = {isa = PBXBuildFile; fileRef = 3F78E8961D9D989B000361FF /* MediaCell.swift */; };
		3F78E8991D9DA573000361FF /* MediaDetailViewController.swift in Sources */ = {isa = PBXBuildFile; fileRef = 3F78E8981D9DA573000361FF /* MediaDetailViewController.swift */; };
		3F8659061D9809DE00AEB39E /* LaunchScreen.storyboard in Resources */ = {isa = PBXBuildFile; fileRef = 3F8659081D9809DE00AEB39E /* LaunchScreen.storyboard */; };
		3F8659091D9809E700AEB39E /* Main.storyboard in Resources */ = {isa = PBXBuildFile; fileRef = 3F86590B1D9809E700AEB39E /* Main.storyboard */; };
		3F9E09B51DA2DBD70097747C /* Assets.xcassets in Resources */ = {isa = PBXBuildFile; fileRef = 3F9E09B41DA2DBD70097747C /* Assets.xcassets */; };
		3FABB6301D9FBAA1003E4B02 /* ResponseParser.swift in Sources */ = {isa = PBXBuildFile; fileRef = 3FABB62F1D9FBAA1003E4B02 /* ResponseParser.swift */; };
		3FABB6331D9FD0E9003E4B02 /* Localizable.strings in Resources */ = {isa = PBXBuildFile; fileRef = 3FABB6351D9FD0E9003E4B02 /* Localizable.strings */; };
		3FABB6371D9FD649003E4B02 /* String+Localization.swift in Sources */ = {isa = PBXBuildFile; fileRef = 3FABB6361D9FD649003E4B02 /* String+Localization.swift */; };
		3FABB63B1D9FE0CA003E4B02 /* SettingsViewController.swift in Sources */ = {isa = PBXBuildFile; fileRef = 3FABB63A1D9FE0CA003E4B02 /* SettingsViewController.swift */; };
		3FABB63D1DA03163003E4B02 /* Double+Round.swift in Sources */ = {isa = PBXBuildFile; fileRef = 3FABB63C1DA03163003E4B02 /* Double+Round.swift */; };
		3FD87C0E1D9FB7BE00D778BA /* Result.swift in Sources */ = {isa = PBXBuildFile; fileRef = 3FD87C0D1D9FB7BE00D778BA /* Result.swift */; };
		3FE448271D98090A008E0B66 /* AppDelegate.swift in Sources */ = {isa = PBXBuildFile; fileRef = 3FE448251D98090A008E0B66 /* AppDelegate.swift */; };
		3FF2D1BA1DA2C3880019E838 /* UIColor+Appearance.swift in Sources */ = {isa = PBXBuildFile; fileRef = 3FF2D1B91DA2C3880019E838 /* UIColor+Appearance.swift */; };
		3FF2D1BC1DA2C8FA0019E838 /* Assets.xcassets in Resources */ = {isa = PBXBuildFile; fileRef = 3FF2D1BB1DA2C8FA0019E838 /* Assets.xcassets */; };
		3FF9725D1D9917DA002B9D1A /* VideoProcessor.swift in Sources */ = {isa = PBXBuildFile; fileRef = 3FF9725C1D9917DA002B9D1A /* VideoProcessor.swift */; };
		3FF9725F1D991DD0002B9D1A /* MediaViewController.swift in Sources */ = {isa = PBXBuildFile; fileRef = 3FF9725E1D991DD0002B9D1A /* MediaViewController.swift */; };
		3FF972671D992906002B9D1A /* ActionViewController.swift in Sources */ = {isa = PBXBuildFile; fileRef = 3FF972661D992906002B9D1A /* ActionViewController.swift */; };
		3FF9726A1D992906002B9D1A /* MainInterface.storyboard in Resources */ = {isa = PBXBuildFile; fileRef = 3FF972681D992906002B9D1A /* MainInterface.storyboard */; };
		3FF9726E1D992906002B9D1A /* FanSabisuActionUIExt.appex in Embed App Extensions */ = {isa = PBXBuildFile; fileRef = 3FF972641D992906002B9D1A /* FanSabisuActionUIExt.appex */; settings = {ATTRIBUTES = (RemoveHeadersOnCopy, ); }; };
/* End PBXBuildFile section */

/* Begin PBXContainerItemProxy section */
		3F3544E31D98213A003941CB /* PBXContainerItemProxy */ = {
			isa = PBXContainerItemProxy;
			containerPortal = 3FE447DF1D980799008E0B66 /* Project object */;
			proxyType = 1;
			remoteGlobalIDString = 3F3544DD1D98213A003941CB;
			remoteInfo = FanSabisuKit;
		};
		3FF9726C1D992906002B9D1A /* PBXContainerItemProxy */ = {
			isa = PBXContainerItemProxy;
			containerPortal = 3FE447DF1D980799008E0B66 /* Project object */;
			proxyType = 1;
			remoteGlobalIDString = 3FF972631D992906002B9D1A;
			remoteInfo = FanSabisuActionUIExt;
		};
		3FF972721D99297D002B9D1A /* PBXContainerItemProxy */ = {
			isa = PBXContainerItemProxy;
			containerPortal = 3FE447DF1D980799008E0B66 /* Project object */;
			proxyType = 1;
			remoteGlobalIDString = 3F3544DD1D98213A003941CB;
			remoteInfo = FanSabisuKit;
		};
/* End PBXContainerItemProxy section */

/* Begin PBXCopyFilesBuildPhase section */
		3F3544EA1D98213A003941CB /* Embed Frameworks */ = {
			isa = PBXCopyFilesBuildPhase;
			buildActionMask = 2147483647;
			dstPath = "";
			dstSubfolderSpec = 10;
			files = (
				3F3544E61D98213A003941CB /* FanSabisuKit.framework in Embed Frameworks */,
			);
			name = "Embed Frameworks";
			runOnlyForDeploymentPostprocessing = 0;
		};
		3F8659551D98166200AEB39E /* Embed App Extensions */ = {
			isa = PBXCopyFilesBuildPhase;
			buildActionMask = 2147483647;
			dstPath = "";
			dstSubfolderSpec = 13;
			files = (
				3FF9726E1D992906002B9D1A /* FanSabisuActionUIExt.appex in Embed App Extensions */,
			);
			name = "Embed App Extensions";
			runOnlyForDeploymentPostprocessing = 0;
		};
/* End PBXCopyFilesBuildPhase section */

/* Begin PBXFileReference section */
		3F3544DE1D98213A003941CB /* FanSabisuKit.framework */ = {isa = PBXFileReference; explicitFileType = wrapper.framework; includeInIndex = 0; path = FanSabisuKit.framework; sourceTree = BUILT_PRODUCTS_DIR; };
		3F3544E01D98213A003941CB /* FanSabisuKit.h */ = {isa = PBXFileReference; lastKnownFileType = sourcecode.c.h; path = FanSabisuKit.h; sourceTree = "<group>"; };
		3F3544E11D98213A003941CB /* Info.plist */ = {isa = PBXFileReference; lastKnownFileType = text.plist.xml; path = Info.plist; sourceTree = "<group>"; };
		3F3544EB1D982185003941CB /* MediaDownloader.swift */ = {isa = PBXFileReference; fileEncoding = 4; lastKnownFileType = sourcecode.swift; path = MediaDownloader.swift; sourceTree = "<group>"; };
		3F3544EF1D983050003941CB /* TokenProvider.swift */ = {isa = PBXFileReference; fileEncoding = 4; lastKnownFileType = sourcecode.swift; path = TokenProvider.swift; sourceTree = "<group>"; };
		3F5117F41D9F03D900676E60 /* UIImage+GIF.swift */ = {isa = PBXFileReference; fileEncoding = 4; lastKnownFileType = sourcecode.swift; path = "UIImage+GIF.swift"; sourceTree = "<group>"; };
		3F5117F61D9F23BB00676E60 /* UIViewController+PresentMessage.swift */ = {isa = PBXFileReference; fileEncoding = 4; lastKnownFileType = sourcecode.swift; name = "UIViewController+PresentMessage.swift"; path = "Sources/UIViewController+PresentMessage.swift"; sourceTree = "<group>"; };
		3F5117F81D9F251000676E60 /* URL+Validator.swift */ = {isa = PBXFileReference; fileEncoding = 4; lastKnownFileType = sourcecode.swift; path = "URL+Validator.swift"; sourceTree = "<group>"; };
		3F78E8961D9D989B000361FF /* MediaCell.swift */ = {isa = PBXFileReference; fileEncoding = 4; lastKnownFileType = sourcecode.swift; name = MediaCell.swift; path = Sources/MediaCell.swift; sourceTree = "<group>"; };
		3F78E8981D9DA573000361FF /* MediaDetailViewController.swift */ = {isa = PBXFileReference; fileEncoding = 4; lastKnownFileType = sourcecode.swift; name = MediaDetailViewController.swift; path = Sources/MediaDetailViewController.swift; sourceTree = "<group>"; };
		3F8659071D9809DE00AEB39E /* en */ = {isa = PBXFileReference; lastKnownFileType = file.storyboard; name = en; path = en.lproj/LaunchScreen.storyboard; sourceTree = "<group>"; };
		3F86590A1D9809E700AEB39E /* en */ = {isa = PBXFileReference; lastKnownFileType = file.storyboard; name = en; path = en.lproj/Main.storyboard; sourceTree = "<group>"; };
		3F9E09B41DA2DBD70097747C /* Assets.xcassets */ = {isa = PBXFileReference; lastKnownFileType = folder.assetcatalog; path = Assets.xcassets; sourceTree = "<group>"; };
		3FABB62F1D9FBAA1003E4B02 /* ResponseParser.swift */ = {isa = PBXFileReference; fileEncoding = 4; lastKnownFileType = sourcecode.swift; path = ResponseParser.swift; sourceTree = "<group>"; };
		3FABB6361D9FD649003E4B02 /* String+Localization.swift */ = {isa = PBXFileReference; fileEncoding = 4; lastKnownFileType = sourcecode.swift; path = "String+Localization.swift"; sourceTree = "<group>"; };
		3FABB6391D9FD7EF003E4B02 /* en */ = {isa = PBXFileReference; lastKnownFileType = text.plist.strings; name = en; path = en.lproj/Localizable.strings; sourceTree = "<group>"; };
		3FABB63A1D9FE0CA003E4B02 /* SettingsViewController.swift */ = {isa = PBXFileReference; fileEncoding = 4; lastKnownFileType = sourcecode.swift; name = SettingsViewController.swift; path = Sources/SettingsViewController.swift; sourceTree = "<group>"; };
		3FABB63C1DA03163003E4B02 /* Double+Round.swift */ = {isa = PBXFileReference; fileEncoding = 4; lastKnownFileType = sourcecode.swift; path = "Double+Round.swift"; sourceTree = "<group>"; };
		3FD87C0D1D9FB7BE00D778BA /* Result.swift */ = {isa = PBXFileReference; fileEncoding = 4; lastKnownFileType = sourcecode.swift; path = Result.swift; sourceTree = "<group>"; };
		3FE447E71D980799008E0B66 /* FanSabisu.app */ = {isa = PBXFileReference; explicitFileType = wrapper.application; includeInIndex = 0; path = FanSabisu.app; sourceTree = BUILT_PRODUCTS_DIR; };
		3FE4481D1D980866008E0B66 /* Info.plist */ = {isa = PBXFileReference; fileEncoding = 4; lastKnownFileType = text.plist.xml; name = Info.plist; path = "Other sources/Info.plist"; sourceTree = "<group>"; };
		3FE448251D98090A008E0B66 /* AppDelegate.swift */ = {isa = PBXFileReference; fileEncoding = 4; lastKnownFileType = sourcecode.swift; name = AppDelegate.swift; path = Sources/AppDelegate.swift; sourceTree = "<group>"; };
		3FF2D1B91DA2C3880019E838 /* UIColor+Appearance.swift */ = {isa = PBXFileReference; fileEncoding = 4; lastKnownFileType = sourcecode.swift; path = "UIColor+Appearance.swift"; sourceTree = "<group>"; };
		3FF2D1BB1DA2C8FA0019E838 /* Assets.xcassets */ = {isa = PBXFileReference; lastKnownFileType = folder.assetcatalog; name = Assets.xcassets; path = Assets/Assets.xcassets; sourceTree = "<group>"; };
		3FF9725C1D9917DA002B9D1A /* VideoProcessor.swift */ = {isa = PBXFileReference; fileEncoding = 4; lastKnownFileType = sourcecode.swift; path = VideoProcessor.swift; sourceTree = "<group>"; };
		3FF9725E1D991DD0002B9D1A /* MediaViewController.swift */ = {isa = PBXFileReference; fileEncoding = 4; lastKnownFileType = sourcecode.swift; name = MediaViewController.swift; path = Sources/MediaViewController.swift; sourceTree = "<group>"; };
		3FF972641D992906002B9D1A /* FanSabisuActionUIExt.appex */ = {isa = PBXFileReference; explicitFileType = "wrapper.app-extension"; includeInIndex = 0; path = FanSabisuActionUIExt.appex; sourceTree = BUILT_PRODUCTS_DIR; };
		3FF972661D992906002B9D1A /* ActionViewController.swift */ = {isa = PBXFileReference; lastKnownFileType = sourcecode.swift; path = ActionViewController.swift; sourceTree = "<group>"; };
		3FF972691D992906002B9D1A /* Base */ = {isa = PBXFileReference; lastKnownFileType = file.storyboard; name = Base; path = Base.lproj/MainInterface.storyboard; sourceTree = "<group>"; };
		3FF9726B1D992906002B9D1A /* Info.plist */ = {isa = PBXFileReference; lastKnownFileType = text.plist.xml; path = Info.plist; sourceTree = "<group>"; };
/* End PBXFileReference section */

/* Begin PBXFrameworksBuildPhase section */
		3F3544DA1D98213A003941CB /* Frameworks */ = {
			isa = PBXFrameworksBuildPhase;
			buildActionMask = 2147483647;
			files = (
			);
			runOnlyForDeploymentPostprocessing = 0;
		};
		3FE447E41D980799008E0B66 /* Frameworks */ = {
			isa = PBXFrameworksBuildPhase;
			buildActionMask = 2147483647;
			files = (
				3F3544E51D98213A003941CB /* FanSabisuKit.framework in Frameworks */,
			);
			runOnlyForDeploymentPostprocessing = 0;
		};
		3FF972611D992906002B9D1A /* Frameworks */ = {
			isa = PBXFrameworksBuildPhase;
			buildActionMask = 2147483647;
			files = (
			);
			runOnlyForDeploymentPostprocessing = 0;
		};
/* End PBXFrameworksBuildPhase section */

/* Begin PBXGroup section */
		3F3544DF1D98213A003941CB /* FanSabisuKit */ = {
			isa = PBXGroup;
			children = (
				3F3544E01D98213A003941CB /* FanSabisuKit.h */,
				3FABB6351D9FD0E9003E4B02 /* Localizable.strings */,
				3F3544E11D98213A003941CB /* Info.plist */,
				3F3544EB1D982185003941CB /* MediaDownloader.swift */,
				3F3544EF1D983050003941CB /* TokenProvider.swift */,
				3FF9725C1D9917DA002B9D1A /* VideoProcessor.swift */,
				3F5117F41D9F03D900676E60 /* UIImage+GIF.swift */,
				3F5117F81D9F251000676E60 /* URL+Validator.swift */,
				3FD87C0D1D9FB7BE00D778BA /* Result.swift */,
				3FABB62F1D9FBAA1003E4B02 /* ResponseParser.swift */,
				3FABB6361D9FD649003E4B02 /* String+Localization.swift */,
				3FABB63C1DA03163003E4B02 /* Double+Round.swift */,
				3FF2D1B91DA2C3880019E838 /* UIColor+Appearance.swift */,
			);
			path = FanSabisuKit;
			sourceTree = "<group>";
		};
		3FE447DE1D980799008E0B66 = {
			isa = PBXGroup;
			children = (
				3FE447E91D980799008E0B66 /* FanSabisu */,
				3F3544DF1D98213A003941CB /* FanSabisuKit */,
				3FF972651D992906002B9D1A /* FanSabisuActionUIExt */,
				3FE447E81D980799008E0B66 /* Products */,
			);
			sourceTree = "<group>";
		};
		3FE447E81D980799008E0B66 /* Products */ = {
			isa = PBXGroup;
			children = (
				3FE447E71D980799008E0B66 /* FanSabisu.app */,
				3F3544DE1D98213A003941CB /* FanSabisuKit.framework */,
				3FF972641D992906002B9D1A /* FanSabisuActionUIExt.appex */,
			);
			name = Products;
			sourceTree = "<group>";
		};
		3FE447E91D980799008E0B66 /* FanSabisu */ = {
			isa = PBXGroup;
			children = (
				3FE447FE1D98080D008E0B66 /* Assets */,
				3FE447FC1D980800008E0B66 /* Sources */,
				3FE447FD1D980805008E0B66 /* Other sources */,
			);
			path = FanSabisu;
			sourceTree = "<group>";
		};
		3FE447FC1D980800008E0B66 /* Sources */ = {
			isa = PBXGroup;
			children = (
				3FE448251D98090A008E0B66 /* AppDelegate.swift */,
				3FF9725E1D991DD0002B9D1A /* MediaViewController.swift */,
				3F78E8961D9D989B000361FF /* MediaCell.swift */,
				3F78E8981D9DA573000361FF /* MediaDetailViewController.swift */,
				3F5117F61D9F23BB00676E60 /* UIViewController+PresentMessage.swift */,
				3FABB63A1D9FE0CA003E4B02 /* SettingsViewController.swift */,
			);
			name = Sources;
			sourceTree = "<group>";
		};
		3FE447FD1D980805008E0B66 /* Other sources */ = {
			isa = PBXGroup;
			children = (
				3FE4481D1D980866008E0B66 /* Info.plist */,
			);
			name = "Other sources";
			sourceTree = "<group>";
		};
		3FE447FE1D98080D008E0B66 /* Assets */ = {
			isa = PBXGroup;
			children = (
				3FF2D1BB1DA2C8FA0019E838 /* Assets.xcassets */,
				3F8659081D9809DE00AEB39E /* LaunchScreen.storyboard */,
				3F86590B1D9809E700AEB39E /* Main.storyboard */,
			);
			name = Assets;
			sourceTree = "<group>";
		};
		3FF972651D992906002B9D1A /* FanSabisuActionUIExt */ = {
			isa = PBXGroup;
			children = (
				3FF972661D992906002B9D1A /* ActionViewController.swift */,
				3FF972681D992906002B9D1A /* MainInterface.storyboard */,
				3FF9726B1D992906002B9D1A /* Info.plist */,
				3F9E09B41DA2DBD70097747C /* Assets.xcassets */,
			);
			path = FanSabisuActionUIExt;
			sourceTree = "<group>";
		};
/* End PBXGroup section */

/* Begin PBXHeadersBuildPhase section */
		3F3544DB1D98213A003941CB /* Headers */ = {
			isa = PBXHeadersBuildPhase;
			buildActionMask = 2147483647;
			files = (
				3F3544E21D98213A003941CB /* FanSabisuKit.h in Headers */,
			);
			runOnlyForDeploymentPostprocessing = 0;
		};
/* End PBXHeadersBuildPhase section */

/* Begin PBXNativeTarget section */
		3F3544DD1D98213A003941CB /* FanSabisuKit */ = {
			isa = PBXNativeTarget;
			buildConfigurationList = 3F3544E71D98213A003941CB /* Build configuration list for PBXNativeTarget "FanSabisuKit" */;
			buildPhases = (
				3F3544D91D98213A003941CB /* Sources */,
				3F3544DA1D98213A003941CB /* Frameworks */,
				3F3544DB1D98213A003941CB /* Headers */,
				3F3544DC1D98213A003941CB /* Resources */,
			);
			buildRules = (
			);
			dependencies = (
			);
			name = FanSabisuKit;
			productName = FanSabisuKit;
			productReference = 3F3544DE1D98213A003941CB /* FanSabisuKit.framework */;
			productType = "com.apple.product-type.framework";
		};
		3FE447E61D980799008E0B66 /* FanSabisu */ = {
			isa = PBXNativeTarget;
			buildConfigurationList = 3FE447F91D980799008E0B66 /* Build configuration list for PBXNativeTarget "FanSabisu" */;
			buildPhases = (
				3FE447E31D980799008E0B66 /* Sources */,
				3FE447E41D980799008E0B66 /* Frameworks */,
				3FE447E51D980799008E0B66 /* Resources */,
				3F8659551D98166200AEB39E /* Embed App Extensions */,
				3F3544EA1D98213A003941CB /* Embed Frameworks */,
			);
			buildRules = (
			);
			dependencies = (
				3F3544E41D98213A003941CB /* PBXTargetDependency */,
				3FF9726D1D992906002B9D1A /* PBXTargetDependency */,
			);
			name = FanSabisu;
			productName = FanSabisu;
			productReference = 3FE447E71D980799008E0B66 /* FanSabisu.app */;
			productType = "com.apple.product-type.application";
		};
		3FF972631D992906002B9D1A /* FanSabisuActionUIExt */ = {
			isa = PBXNativeTarget;
			buildConfigurationList = 3FF9726F1D992906002B9D1A /* Build configuration list for PBXNativeTarget "FanSabisuActionUIExt" */;
			buildPhases = (
				3FF972601D992906002B9D1A /* Sources */,
				3FF972611D992906002B9D1A /* Frameworks */,
				3FF972621D992906002B9D1A /* Resources */,
			);
			buildRules = (
			);
			dependencies = (
				3FF972731D99297D002B9D1A /* PBXTargetDependency */,
			);
			name = FanSabisuActionUIExt;
			productName = FanSabisuActionUIExt;
			productReference = 3FF972641D992906002B9D1A /* FanSabisuActionUIExt.appex */;
			productType = "com.apple.product-type.app-extension";
		};
/* End PBXNativeTarget section */

/* Begin PBXProject section */
		3FE447DF1D980799008E0B66 /* Project object */ = {
			isa = PBXProject;
			attributes = {
				LastSwiftUpdateCheck = 0800;
				LastUpgradeCheck = 0800;
				ORGANIZATIONNAME = "Renzo Crisóstomo";
				TargetAttributes = {
					3F3544DD1D98213A003941CB = {
						CreatedOnToolsVersion = 8.0;
						DevelopmentTeam = M2Z2C2JVN5;
						LastSwiftMigration = 0800;
						ProvisioningStyle = Automatic;
					};
					3FE447E61D980799008E0B66 = {
						CreatedOnToolsVersion = 8.0;
						DevelopmentTeam = M2Z2C2JVN5;
						LastSwiftMigration = 0800;
						ProvisioningStyle = Automatic;
					};
					3FF972631D992906002B9D1A = {
						CreatedOnToolsVersion = 8.0;
						DevelopmentTeam = M2Z2C2JVN5;
						ProvisioningStyle = Automatic;
					};
				};
			};
			buildConfigurationList = 3FE447E21D980799008E0B66 /* Build configuration list for PBXProject "FanSabisu" */;
			compatibilityVersion = "Xcode 3.2";
			developmentRegion = English;
			hasScannedForEncodings = 0;
			knownRegions = (
				en,
				Base,
			);
			mainGroup = 3FE447DE1D980799008E0B66;
			productRefGroup = 3FE447E81D980799008E0B66 /* Products */;
			projectDirPath = "";
			projectRoot = "";
			targets = (
				3FE447E61D980799008E0B66 /* FanSabisu */,
				3F3544DD1D98213A003941CB /* FanSabisuKit */,
				3FF972631D992906002B9D1A /* FanSabisuActionUIExt */,
			);
		};
/* End PBXProject section */

/* Begin PBXResourcesBuildPhase section */
		3F3544DC1D98213A003941CB /* Resources */ = {
			isa = PBXResourcesBuildPhase;
			buildActionMask = 2147483647;
			files = (
				3FABB6331D9FD0E9003E4B02 /* Localizable.strings in Resources */,
			);
			runOnlyForDeploymentPostprocessing = 0;
		};
		3FE447E51D980799008E0B66 /* Resources */ = {
			isa = PBXResourcesBuildPhase;
			buildActionMask = 2147483647;
			files = (
				3F8659091D9809E700AEB39E /* Main.storyboard in Resources */,
				3FF2D1BC1DA2C8FA0019E838 /* Assets.xcassets in Resources */,
				3F8659061D9809DE00AEB39E /* LaunchScreen.storyboard in Resources */,
			);
			runOnlyForDeploymentPostprocessing = 0;
		};
		3FF972621D992906002B9D1A /* Resources */ = {
			isa = PBXResourcesBuildPhase;
			buildActionMask = 2147483647;
			files = (
				3F9E09B51DA2DBD70097747C /* Assets.xcassets in Resources */,
				3FF9726A1D992906002B9D1A /* MainInterface.storyboard in Resources */,
			);
			runOnlyForDeploymentPostprocessing = 0;
		};
/* End PBXResourcesBuildPhase section */

/* Begin PBXSourcesBuildPhase section */
		3F3544D91D98213A003941CB /* Sources */ = {
			isa = PBXSourcesBuildPhase;
			buildActionMask = 2147483647;
			files = (
				3FF9725D1D9917DA002B9D1A /* VideoProcessor.swift in Sources */,
				3FABB63D1DA03163003E4B02 /* Double+Round.swift in Sources */,
				3F3544F01D983050003941CB /* TokenProvider.swift in Sources */,
				3F5117F51D9F03D900676E60 /* UIImage+GIF.swift in Sources */,
				3F3544EC1D982185003941CB /* MediaDownloader.swift in Sources */,
				3FD87C0E1D9FB7BE00D778BA /* Result.swift in Sources */,
				3F5117F91D9F251000676E60 /* URL+Validator.swift in Sources */,
				3FF2D1BA1DA2C3880019E838 /* UIColor+Appearance.swift in Sources */,
				3FABB6301D9FBAA1003E4B02 /* ResponseParser.swift in Sources */,
				3FABB6371D9FD649003E4B02 /* String+Localization.swift in Sources */,
			);
			runOnlyForDeploymentPostprocessing = 0;
		};
		3FE447E31D980799008E0B66 /* Sources */ = {
			isa = PBXSourcesBuildPhase;
			buildActionMask = 2147483647;
			files = (
				3F78E8991D9DA573000361FF /* MediaDetailViewController.swift in Sources */,
				3FE448271D98090A008E0B66 /* AppDelegate.swift in Sources */,
				3F78E8971D9D989B000361FF /* MediaCell.swift in Sources */,
				3FF9725F1D991DD0002B9D1A /* MediaViewController.swift in Sources */,
				3F5117F71D9F23BB00676E60 /* UIViewController+PresentMessage.swift in Sources */,
				3FABB63B1D9FE0CA003E4B02 /* SettingsViewController.swift in Sources */,
			);
			runOnlyForDeploymentPostprocessing = 0;
		};
		3FF972601D992906002B9D1A /* Sources */ = {
			isa = PBXSourcesBuildPhase;
			buildActionMask = 2147483647;
			files = (
				3FF972671D992906002B9D1A /* ActionViewController.swift in Sources */,
			);
			runOnlyForDeploymentPostprocessing = 0;
		};
/* End PBXSourcesBuildPhase section */

/* Begin PBXTargetDependency section */
		3F3544E41D98213A003941CB /* PBXTargetDependency */ = {
			isa = PBXTargetDependency;
			target = 3F3544DD1D98213A003941CB /* FanSabisuKit */;
			targetProxy = 3F3544E31D98213A003941CB /* PBXContainerItemProxy */;
		};
		3FF9726D1D992906002B9D1A /* PBXTargetDependency */ = {
			isa = PBXTargetDependency;
			target = 3FF972631D992906002B9D1A /* FanSabisuActionUIExt */;
			targetProxy = 3FF9726C1D992906002B9D1A /* PBXContainerItemProxy */;
		};
		3FF972731D99297D002B9D1A /* PBXTargetDependency */ = {
			isa = PBXTargetDependency;
			target = 3F3544DD1D98213A003941CB /* FanSabisuKit */;
			targetProxy = 3FF972721D99297D002B9D1A /* PBXContainerItemProxy */;
		};
/* End PBXTargetDependency section */

/* Begin PBXVariantGroup section */
		3F8659081D9809DE00AEB39E /* LaunchScreen.storyboard */ = {
			isa = PBXVariantGroup;
			children = (
				3F8659071D9809DE00AEB39E /* en */,
			);
			name = LaunchScreen.storyboard;
			path = Assets;
			sourceTree = "<group>";
		};
		3F86590B1D9809E700AEB39E /* Main.storyboard */ = {
			isa = PBXVariantGroup;
			children = (
				3F86590A1D9809E700AEB39E /* en */,
			);
			name = Main.storyboard;
			path = Assets;
			sourceTree = "<group>";
		};
		3FABB6351D9FD0E9003E4B02 /* Localizable.strings */ = {
			isa = PBXVariantGroup;
			children = (
				3FABB6391D9FD7EF003E4B02 /* en */,
			);
			name = Localizable.strings;
			sourceTree = "<group>";
		};
		3FF972681D992906002B9D1A /* MainInterface.storyboard */ = {
			isa = PBXVariantGroup;
			children = (
				3FF972691D992906002B9D1A /* Base */,
			);
			name = MainInterface.storyboard;
			sourceTree = "<group>";
		};
/* End PBXVariantGroup section */

/* Begin XCBuildConfiguration section */
		3F3544E81D98213A003941CB /* Debug */ = {
			isa = XCBuildConfiguration;
			buildSettings = {
				APPLICATION_EXTENSION_API_ONLY = YES;
				CLANG_ENABLE_MODULES = YES;
				CODE_SIGN_IDENTITY = "";
				CURRENT_PROJECT_VERSION = 1;
				DEFINES_MODULE = YES;
				DEVELOPMENT_TEAM = M2Z2C2JVN5;
				DYLIB_COMPATIBILITY_VERSION = 1;
				DYLIB_CURRENT_VERSION = 1;
				DYLIB_INSTALL_NAME_BASE = "@rpath";
				INFOPLIST_FILE = FanSabisuKit/Info.plist;
				INSTALL_PATH = "$(LOCAL_LIBRARY_DIR)/Frameworks";
				IPHONEOS_DEPLOYMENT_TARGET = 9.0;
				LD_RUNPATH_SEARCH_PATHS = "$(inherited) @executable_path/Frameworks @loader_path/Frameworks";
				PRODUCT_BUNDLE_IDENTIFIER = com.ruenzuo.FanSabisuKit;
				PRODUCT_NAME = "$(TARGET_NAME)";
				SKIP_INSTALL = YES;
				SWIFT_OPTIMIZATION_LEVEL = "-Onone";
				SWIFT_VERSION = 3.0;
				VERSIONING_SYSTEM = "apple-generic";
				VERSION_INFO_PREFIX = "";
			};
			name = Debug;
		};
		3F3544E91D98213A003941CB /* Release */ = {
			isa = XCBuildConfiguration;
			buildSettings = {
				APPLICATION_EXTENSION_API_ONLY = YES;
				CLANG_ENABLE_MODULES = YES;
				CODE_SIGN_IDENTITY = "";
				CURRENT_PROJECT_VERSION = 1;
				DEFINES_MODULE = YES;
				DEVELOPMENT_TEAM = M2Z2C2JVN5;
				DYLIB_COMPATIBILITY_VERSION = 1;
				DYLIB_CURRENT_VERSION = 1;
				DYLIB_INSTALL_NAME_BASE = "@rpath";
				INFOPLIST_FILE = FanSabisuKit/Info.plist;
				INSTALL_PATH = "$(LOCAL_LIBRARY_DIR)/Frameworks";
				IPHONEOS_DEPLOYMENT_TARGET = 9.0;
				LD_RUNPATH_SEARCH_PATHS = "$(inherited) @executable_path/Frameworks @loader_path/Frameworks";
				PRODUCT_BUNDLE_IDENTIFIER = com.ruenzuo.FanSabisuKit;
				PRODUCT_NAME = "$(TARGET_NAME)";
				SKIP_INSTALL = YES;
				SWIFT_VERSION = 3.0;
				VERSIONING_SYSTEM = "apple-generic";
				VERSION_INFO_PREFIX = "";
			};
			name = Release;
		};
		3FE447F71D980799008E0B66 /* Debug */ = {
			isa = XCBuildConfiguration;
			buildSettings = {
				ALWAYS_SEARCH_USER_PATHS = NO;
				CLANG_ANALYZER_NONNULL = YES;
				CLANG_CXX_LANGUAGE_STANDARD = "gnu++0x";
				CLANG_CXX_LIBRARY = "libc++";
				CLANG_ENABLE_MODULES = YES;
				CLANG_ENABLE_OBJC_ARC = YES;
				CLANG_WARN_BOOL_CONVERSION = YES;
				CLANG_WARN_CONSTANT_CONVERSION = YES;
				CLANG_WARN_DIRECT_OBJC_ISA_USAGE = YES_ERROR;
				CLANG_WARN_DOCUMENTATION_COMMENTS = YES;
				CLANG_WARN_EMPTY_BODY = YES;
				CLANG_WARN_ENUM_CONVERSION = YES;
				CLANG_WARN_INFINITE_RECURSION = YES;
				CLANG_WARN_INT_CONVERSION = YES;
				CLANG_WARN_OBJC_ROOT_CLASS = YES_ERROR;
				CLANG_WARN_SUSPICIOUS_MOVES = YES;
				CLANG_WARN_UNREACHABLE_CODE = YES;
				CLANG_WARN__DUPLICATE_METHOD_MATCH = YES;
				"CODE_SIGN_IDENTITY[sdk=iphoneos*]" = "iPhone Developer";
				COPY_PHASE_STRIP = NO;
				DEBUG_INFORMATION_FORMAT = dwarf;
				ENABLE_STRICT_OBJC_MSGSEND = YES;
				ENABLE_TESTABILITY = YES;
				GCC_C_LANGUAGE_STANDARD = gnu99;
				GCC_DYNAMIC_NO_PIC = NO;
				GCC_NO_COMMON_BLOCKS = YES;
				GCC_OPTIMIZATION_LEVEL = 0;
				GCC_PREPROCESSOR_DEFINITIONS = (
					"DEBUG=1",
					"$(inherited)",
				);
				GCC_WARN_64_TO_32_BIT_CONVERSION = YES;
				GCC_WARN_ABOUT_RETURN_TYPE = YES_ERROR;
				GCC_WARN_UNDECLARED_SELECTOR = YES;
				GCC_WARN_UNINITIALIZED_AUTOS = YES_AGGRESSIVE;
				GCC_WARN_UNUSED_FUNCTION = YES;
				GCC_WARN_UNUSED_VARIABLE = YES;
				IPHONEOS_DEPLOYMENT_TARGET = 10.0;
				MTL_ENABLE_DEBUG_INFO = YES;
				ONLY_ACTIVE_ARCH = YES;
				SDKROOT = iphoneos;
				SWIFT_ACTIVE_COMPILATION_CONDITIONS = DEBUG;
				SWIFT_OPTIMIZATION_LEVEL = "-Onone";
				TARGETED_DEVICE_FAMILY = "1,2";
			};
			name = Debug;
		};
		3FE447F81D980799008E0B66 /* Release */ = {
			isa = XCBuildConfiguration;
			buildSettings = {
				ALWAYS_SEARCH_USER_PATHS = NO;
				CLANG_ANALYZER_NONNULL = YES;
				CLANG_CXX_LANGUAGE_STANDARD = "gnu++0x";
				CLANG_CXX_LIBRARY = "libc++";
				CLANG_ENABLE_MODULES = YES;
				CLANG_ENABLE_OBJC_ARC = YES;
				CLANG_WARN_BOOL_CONVERSION = YES;
				CLANG_WARN_CONSTANT_CONVERSION = YES;
				CLANG_WARN_DIRECT_OBJC_ISA_USAGE = YES_ERROR;
				CLANG_WARN_DOCUMENTATION_COMMENTS = YES;
				CLANG_WARN_EMPTY_BODY = YES;
				CLANG_WARN_ENUM_CONVERSION = YES;
				CLANG_WARN_INFINITE_RECURSION = YES;
				CLANG_WARN_INT_CONVERSION = YES;
				CLANG_WARN_OBJC_ROOT_CLASS = YES_ERROR;
				CLANG_WARN_SUSPICIOUS_MOVES = YES;
				CLANG_WARN_UNREACHABLE_CODE = YES;
				CLANG_WARN__DUPLICATE_METHOD_MATCH = YES;
				"CODE_SIGN_IDENTITY[sdk=iphoneos*]" = "iPhone Developer";
				COPY_PHASE_STRIP = NO;
				DEBUG_INFORMATION_FORMAT = "dwarf-with-dsym";
				ENABLE_NS_ASSERTIONS = NO;
				ENABLE_STRICT_OBJC_MSGSEND = YES;
				GCC_C_LANGUAGE_STANDARD = gnu99;
				GCC_NO_COMMON_BLOCKS = YES;
				GCC_WARN_64_TO_32_BIT_CONVERSION = YES;
				GCC_WARN_ABOUT_RETURN_TYPE = YES_ERROR;
				GCC_WARN_UNDECLARED_SELECTOR = YES;
				GCC_WARN_UNINITIALIZED_AUTOS = YES_AGGRESSIVE;
				GCC_WARN_UNUSED_FUNCTION = YES;
				GCC_WARN_UNUSED_VARIABLE = YES;
				IPHONEOS_DEPLOYMENT_TARGET = 10.0;
				MTL_ENABLE_DEBUG_INFO = NO;
				SDKROOT = iphoneos;
				SWIFT_OPTIMIZATION_LEVEL = "-Owholemodule";
				TARGETED_DEVICE_FAMILY = "1,2";
				VALIDATE_PRODUCT = YES;
			};
			name = Release;
		};
		3FE447FA1D980799008E0B66 /* Debug */ = {
			isa = XCBuildConfiguration;
			buildSettings = {
				ALWAYS_EMBED_SWIFT_STANDARD_LIBRARIES = YES;
				ASSETCATALOG_COMPILER_APPICON_NAME = AppIcon;
				CLANG_ENABLE_MODULES = YES;
				DEVELOPMENT_TEAM = M2Z2C2JVN5;
				INFOPLIST_FILE = "$(SRCROOT)/FanSabisu/Other sources/Info.plist";
				IPHONEOS_DEPLOYMENT_TARGET = 9.0;
				LD_RUNPATH_SEARCH_PATHS = "$(inherited) @executable_path/Frameworks";
				PRODUCT_BUNDLE_IDENTIFIER = com.ruenzuo.FanSabisu;
				PRODUCT_NAME = "$(TARGET_NAME)";
				SWIFT_OPTIMIZATION_LEVEL = "-Onone";
				SWIFT_VERSION = 3.0;
			};
			name = Debug;
		};
		3FE447FB1D980799008E0B66 /* Release */ = {
			isa = XCBuildConfiguration;
			buildSettings = {
				ALWAYS_EMBED_SWIFT_STANDARD_LIBRARIES = YES;
				ASSETCATALOG_COMPILER_APPICON_NAME = AppIcon;
				CLANG_ENABLE_MODULES = YES;
				DEVELOPMENT_TEAM = M2Z2C2JVN5;
				INFOPLIST_FILE = "$(SRCROOT)/FanSabisu/Other sources/Info.plist";
				IPHONEOS_DEPLOYMENT_TARGET = 9.0;
				LD_RUNPATH_SEARCH_PATHS = "$(inherited) @executable_path/Frameworks";
				PRODUCT_BUNDLE_IDENTIFIER = com.ruenzuo.FanSabisu;
				PRODUCT_NAME = "$(TARGET_NAME)";
				SWIFT_VERSION = 3.0;
			};
			name = Release;
		};
		3FF972701D992906002B9D1A /* Debug */ = {
			isa = XCBuildConfiguration;
			buildSettings = {
				ASSETCATALOG_COMPILER_APPICON_NAME = AppIcon;
				DEVELOPMENT_TEAM = M2Z2C2JVN5;
				INFOPLIST_FILE = FanSabisuActionUIExt/Info.plist;
				IPHONEOS_DEPLOYMENT_TARGET = 9.0;
				LD_RUNPATH_SEARCH_PATHS = "$(inherited) @executable_path/Frameworks @executable_path/../../Frameworks";
				PRODUCT_BUNDLE_IDENTIFIER = com.ruenzuo.FanSabisu.FanSabisuActionUIExt;
				PRODUCT_NAME = "$(TARGET_NAME)";
				SKIP_INSTALL = YES;
				SWIFT_VERSION = 3.0;
			};
			name = Debug;
		};
		3FF972711D992906002B9D1A /* Release */ = {
			isa = XCBuildConfiguration;
			buildSettings = {
				ASSETCATALOG_COMPILER_APPICON_NAME = AppIcon;
				DEVELOPMENT_TEAM = M2Z2C2JVN5;
				INFOPLIST_FILE = FanSabisuActionUIExt/Info.plist;
				IPHONEOS_DEPLOYMENT_TARGET = 9.0;
				LD_RUNPATH_SEARCH_PATHS = "$(inherited) @executable_path/Frameworks @executable_path/../../Frameworks";
				PRODUCT_BUNDLE_IDENTIFIER = com.ruenzuo.FanSabisu.FanSabisuActionUIExt;
				PRODUCT_NAME = "$(TARGET_NAME)";
				SKIP_INSTALL = YES;
				SWIFT_VERSION = 3.0;
			};
			name = Release;
		};
/* End XCBuildConfiguration section */

/* Begin XCConfigurationList section */
		3F3544E71D98213A003941CB /* Build configuration list for PBXNativeTarget "FanSabisuKit" */ = {
			isa = XCConfigurationList;
			buildConfigurations = (
				3F3544E81D98213A003941CB /* Debug */,
				3F3544E91D98213A003941CB /* Release */,
			);
			defaultConfigurationIsVisible = 0;
			defaultConfigurationName = Release;
		};
		3FE447E21D980799008E0B66 /* Build configuration list for PBXProject "FanSabisu" */ = {
			isa = XCConfigurationList;
			buildConfigurations = (
				3FE447F71D980799008E0B66 /* Debug */,
				3FE447F81D980799008E0B66 /* Release */,
			);
			defaultConfigurationIsVisible = 0;
			defaultConfigurationName = Release;
		};
		3FE447F91D980799008E0B66 /* Build configuration list for PBXNativeTarget "FanSabisu" */ = {
			isa = XCConfigurationList;
			buildConfigurations = (
				3FE447FA1D980799008E0B66 /* Debug */,
				3FE447FB1D980799008E0B66 /* Release */,
			);
			defaultConfigurationIsVisible = 0;
			defaultConfigurationName = Release;
		};
		3FF9726F1D992906002B9D1A /* Build configuration list for PBXNativeTarget "FanSabisuActionUIExt" */ = {
			isa = XCConfigurationList;
			buildConfigurations = (
				3FF972701D992906002B9D1A /* Debug */,
				3FF972711D992906002B9D1A /* Release */,
			);
			defaultConfigurationIsVisible = 0;
			defaultConfigurationName = Release;
		};
/* End XCConfigurationList section */
	};
	rootObject = 3FE447DF1D980799008E0B66 /* Project object */;
}
