// !$*UTF8*$!
{
	archiveVersion = 1;
	classes = {
	};
	objectVersion = 46;
	objects = {

/* Begin PBXBuildFile section */
		3F19B28E1DBCDD9F0009DA1D /* SystemConfiguration.framework in Frameworks */ = {isa = PBXBuildFile; fileRef = 3F19B28D1DBCDD9F0009DA1D /* SystemConfiguration.framework */; };
		3F19B2901DBCDDA90009DA1D /* CoreData.framework in Frameworks */ = {isa = PBXBuildFile; fileRef = 3F19B28F1DBCDDA90009DA1D /* CoreData.framework */; };
		3F19B2921DBCDDB40009DA1D /* libz.tbd in Frameworks */ = {isa = PBXBuildFile; fileRef = 3F19B2911DBCDDB40009DA1D /* libz.tbd */; };
		3F19B2941DBCDDC00009DA1D /* libsqlite3.tbd in Frameworks */ = {isa = PBXBuildFile; fileRef = 3F19B2931DBCDDC00009DA1D /* libsqlite3.tbd */; };
		3F1CADA21DBCD90800C7DCB8 /* libGoogleAnalyticsServices.a in Frameworks */ = {isa = PBXBuildFile; fileRef = 3F1CADA11DBCD90800C7DCB8 /* libGoogleAnalyticsServices.a */; };
		3F32FDF71DBBDF0100350025 /* Editor.swift in Sources */ = {isa = PBXBuildFile; fileRef = 3F32FDF61DBBDF0100350025 /* Editor.swift */; };
		3F32FDF91DBBEA6100350025 /* PreviewViewController.swift in Sources */ = {isa = PBXBuildFile; fileRef = 3F32FDF81DBBEA6100350025 /* PreviewViewController.swift */; };
		3F32FDFB1DBBFD0600350025 /* Session.swift in Sources */ = {isa = PBXBuildFile; fileRef = 3F32FDFA1DBBFD0600350025 /* Session.swift */; };
		3F3544E21D98213A003941CB /* FanSabisuKit.h in Headers */ = {isa = PBXBuildFile; fileRef = 3F3544E01D98213A003941CB /* FanSabisuKit.h */; settings = {ATTRIBUTES = (Public, ); }; };
		3F3544E51D98213A003941CB /* FanSabisuKit.framework in Frameworks */ = {isa = PBXBuildFile; fileRef = 3F3544DE1D98213A003941CB /* FanSabisuKit.framework */; };
		3F3544E61D98213A003941CB /* FanSabisuKit.framework in Embed Frameworks */ = {isa = PBXBuildFile; fileRef = 3F3544DE1D98213A003941CB /* FanSabisuKit.framework */; settings = {ATTRIBUTES = (CodeSignOnCopy, RemoveHeadersOnCopy, ); }; };
		3F3544EC1D982185003941CB /* MediaDownloader.swift in Sources */ = {isa = PBXBuildFile; fileRef = 3F3544EB1D982185003941CB /* MediaDownloader.swift */; };
		3F3544F01D983050003941CB /* TokenProvider.swift in Sources */ = {isa = PBXBuildFile; fileRef = 3F3544EF1D983050003941CB /* TokenProvider.swift */; };
		3F5117F51D9F03D900676E60 /* UIImage+GIF.swift in Sources */ = {isa = PBXBuildFile; fileRef = 3F5117F41D9F03D900676E60 /* UIImage+GIF.swift */; };
		3F5117F71D9F23BB00676E60 /* UIViewController+PresentMessage.swift in Sources */ = {isa = PBXBuildFile; fileRef = 3F5117F61D9F23BB00676E60 /* UIViewController+PresentMessage.swift */; };
		3F5117F91D9F251000676E60 /* URL+Validator.swift in Sources */ = {isa = PBXBuildFile; fileRef = 3F5117F81D9F251000676E60 /* URL+Validator.swift */; };
		3F6937971DA43B71008C7CFE /* SettingKey.swift in Sources */ = {isa = PBXBuildFile; fileRef = 3F6937961DA43B71008C7CFE /* SettingKey.swift */; };
		3F78E8971D9D989B000361FF /* MediaCell.swift in Sources */ = {isa = PBXBuildFile; fileRef = 3F78E8961D9D989B000361FF /* MediaCell.swift */; };
		3F78E8991D9DA573000361FF /* MediaDetailViewController.swift in Sources */ = {isa = PBXBuildFile; fileRef = 3F78E8981D9DA573000361FF /* MediaDetailViewController.swift */; };
		3F8659061D9809DE00AEB39E /* LaunchScreen.storyboard in Resources */ = {isa = PBXBuildFile; fileRef = 3F8659081D9809DE00AEB39E /* LaunchScreen.storyboard */; };
		3F8659091D9809E700AEB39E /* Main.storyboard in Resources */ = {isa = PBXBuildFile; fileRef = 3F86590B1D9809E700AEB39E /* Main.storyboard */; };
		3F8F813A1DA956E000D35552 /* UIViewController+TraitInformation.swift in Sources */ = {isa = PBXBuildFile; fileRef = 3F8F81391DA956E000D35552 /* UIViewController+TraitInformation.swift */; };
		3F9E09B51DA2DBD70097747C /* Assets.xcassets in Resources */ = {isa = PBXBuildFile; fileRef = 3F9E09B41DA2DBD70097747C /* Assets.xcassets */; };
		3FA9A79C1DB3F0E3002060EE /* CommonCrypto.h in Headers */ = {isa = PBXBuildFile; fileRef = 3FA9A79A1DB3F0E3002060EE /* CommonCrypto.h */; settings = {ATTRIBUTES = (Public, ); }; };
		3FA9A79F1DB3F0E3002060EE /* CommonCrypto.framework in Frameworks */ = {isa = PBXBuildFile; fileRef = 3FA9A7981DB3F0E3002060EE /* CommonCrypto.framework */; settings = {ATTRIBUTES = (Weak, ); }; };
		3FA9A7A01DB3F0E3002060EE /* CommonCrypto.framework in Embed Frameworks */ = {isa = PBXBuildFile; fileRef = 3FA9A7981DB3F0E3002060EE /* CommonCrypto.framework */; settings = {ATTRIBUTES = (CodeSignOnCopy, RemoveHeadersOnCopy, ); }; };
		3FA9A7AC1DB3F128002060EE /* Authorizer.swift in Sources */ = {isa = PBXBuildFile; fileRef = 3FA9A7A91DB3F128002060EE /* Authorizer.swift */; };
		3FA9A7AD1DB3F128002060EE /* Signature.swift in Sources */ = {isa = PBXBuildFile; fileRef = 3FA9A7AA1DB3F128002060EE /* Signature.swift */; };
		3FA9A7B11DB3F1ED002060EE /* CommonCrypto.framework in Frameworks */ = {isa = PBXBuildFile; fileRef = 3FA9A7981DB3F0E3002060EE /* CommonCrypto.framework */; settings = {ATTRIBUTES = (Weak, ); }; };
		3FA9A7B91DB3F2FA002060EE /* FanSabisuKitTests.swift in Sources */ = {isa = PBXBuildFile; fileRef = 3FA9A7B81DB3F2FA002060EE /* FanSabisuKitTests.swift */; };
		3FA9A7BB1DB3F2FA002060EE /* FanSabisuKit.framework in Frameworks */ = {isa = PBXBuildFile; fileRef = 3F3544DE1D98213A003941CB /* FanSabisuKit.framework */; };
		3FA9A7C21DB3F825002060EE /* String+PercentEncode.swift in Sources */ = {isa = PBXBuildFile; fileRef = 3FA9A7C11DB3F825002060EE /* String+PercentEncode.swift */; };
		3FA9A7C41DB40961002060EE /* TwitterCredentials.swift in Sources */ = {isa = PBXBuildFile; fileRef = 3FA9A7C31DB40961002060EE /* TwitterCredentials.swift */; };
		3FABB6301D9FBAA1003E4B02 /* ResponseParser.swift in Sources */ = {isa = PBXBuildFile; fileRef = 3FABB62F1D9FBAA1003E4B02 /* ResponseParser.swift */; };
		3FABB6371D9FD649003E4B02 /* String+Localization.swift in Sources */ = {isa = PBXBuildFile; fileRef = 3FABB6361D9FD649003E4B02 /* String+Localization.swift */; };
		3FABB63B1D9FE0CA003E4B02 /* SettingsViewController.swift in Sources */ = {isa = PBXBuildFile; fileRef = 3FABB63A1D9FE0CA003E4B02 /* SettingsViewController.swift */; };
		3FABB63D1DA03163003E4B02 /* Double+Round.swift in Sources */ = {isa = PBXBuildFile; fileRef = 3FABB63C1DA03163003E4B02 /* Double+Round.swift */; };
		3FBC44A21DC4E5F40012DC36 /* Localizable.strings in Resources */ = {isa = PBXBuildFile; fileRef = 3FBC44A41DC4E5F40012DC36 /* Localizable.strings */; };
		3FBC44AA1DC4E6DC0012DC36 /* MainInterface.storyboard in Resources */ = {isa = PBXBuildFile; fileRef = 3FBC44AC1DC4E6DC0012DC36 /* MainInterface.storyboard */; };
		3FC3D3E01DBFE3EB0073D4A8 /* GoogleAnalyticsCredentials.swift in Sources */ = {isa = PBXBuildFile; fileRef = 3FC3D3DF1DBFE3EB0073D4A8 /* GoogleAnalyticsCredentials.swift */; };
		3FD87C0E1D9FB7BE00D778BA /* Result.swift in Sources */ = {isa = PBXBuildFile; fileRef = 3FD87C0D1D9FB7BE00D778BA /* Result.swift */; };
		3FE448271D98090A008E0B66 /* AppDelegate.swift in Sources */ = {isa = PBXBuildFile; fileRef = 3FE448251D98090A008E0B66 /* AppDelegate.swift */; };
		3FF2D1BA1DA2C3880019E838 /* UIColor+Appearance.swift in Sources */ = {isa = PBXBuildFile; fileRef = 3FF2D1B91DA2C3880019E838 /* UIColor+Appearance.swift */; };
		3FF2D1BC1DA2C8FA0019E838 /* Assets.xcassets in Resources */ = {isa = PBXBuildFile; fileRef = 3FF2D1BB1DA2C8FA0019E838 /* Assets.xcassets */; };
		3FF9725D1D9917DA002B9D1A /* VideoProcessor.swift in Sources */ = {isa = PBXBuildFile; fileRef = 3FF9725C1D9917DA002B9D1A /* VideoProcessor.swift */; };
		3FF9725F1D991DD0002B9D1A /* MediaViewController.swift in Sources */ = {isa = PBXBuildFile; fileRef = 3FF9725E1D991DD0002B9D1A /* MediaViewController.swift */; };
		3FF972671D992906002B9D1A /* ActionViewController.swift in Sources */ = {isa = PBXBuildFile; fileRef = 3FF972661D992906002B9D1A /* ActionViewController.swift */; };
		3FF9726E1D992906002B9D1A /* FanSabisuActionUIExt.appex in Embed App Extensions */ = {isa = PBXBuildFile; fileRef = 3FF972641D992906002B9D1A /* FanSabisuActionUIExt.appex */; settings = {ATTRIBUTES = (RemoveHeadersOnCopy, ); }; };
		3FFB5A261DB6A4B400A9DD92 /* FSKNotificationCenter.h in Headers */ = {isa = PBXBuildFile; fileRef = 3FFB5A241DB6A4B400A9DD92 /* FSKNotificationCenter.h */; settings = {ATTRIBUTES = (Public, ); }; };
		3FFB5A271DB6A4B400A9DD92 /* FSKNotificationCenter.m in Sources */ = {isa = PBXBuildFile; fileRef = 3FFB5A251DB6A4B400A9DD92 /* FSKNotificationCenter.m */; };
		3FFB5A291DB6B71400A9DD92 /* Keychain.swift in Sources */ = {isa = PBXBuildFile; fileRef = 3FFB5A281DB6B71400A9DD92 /* Keychain.swift */; };
/* End PBXBuildFile section */

/* Begin PBXContainerItemProxy section */
		3F3544E31D98213A003941CB /* PBXContainerItemProxy */ = {
			isa = PBXContainerItemProxy;
			containerPortal = 3FE447DF1D980799008E0B66 /* Project object */;
			proxyType = 1;
			remoteGlobalIDString = 3F3544DD1D98213A003941CB;
			remoteInfo = FanSabisuKit;
		};
		3FA9A79D1DB3F0E3002060EE /* PBXContainerItemProxy */ = {
			isa = PBXContainerItemProxy;
			containerPortal = 3FE447DF1D980799008E0B66 /* Project object */;
			proxyType = 1;
			remoteGlobalIDString = 3FA9A7971DB3F0E3002060EE;
			remoteInfo = CommonCrypto;
		};
		3FA9A7AF1DB3F17D002060EE /* PBXContainerItemProxy */ = {
			isa = PBXContainerItemProxy;
			containerPortal = 3FE447DF1D980799008E0B66 /* Project object */;
			proxyType = 1;
			remoteGlobalIDString = 3FA9A7971DB3F0E3002060EE;
			remoteInfo = CommonCrypto;
		};
		3FA9A7BC1DB3F2FA002060EE /* PBXContainerItemProxy */ = {
			isa = PBXContainerItemProxy;
			containerPortal = 3FE447DF1D980799008E0B66 /* Project object */;
			proxyType = 1;
			remoteGlobalIDString = 3F3544DD1D98213A003941CB;
			remoteInfo = FanSabisuKit;
		};
		3FF9726C1D992906002B9D1A /* PBXContainerItemProxy */ = {
			isa = PBXContainerItemProxy;
			containerPortal = 3FE447DF1D980799008E0B66 /* Project object */;
			proxyType = 1;
			remoteGlobalIDString = 3FF972631D992906002B9D1A;
			remoteInfo = FanSabisuActionUIExt;
		};
		3FF972721D99297D002B9D1A /* PBXContainerItemProxy */ = {
			isa = PBXContainerItemProxy;
			containerPortal = 3FE447DF1D980799008E0B66 /* Project object */;
			proxyType = 1;
			remoteGlobalIDString = 3F3544DD1D98213A003941CB;
			remoteInfo = FanSabisuKit;
		};
/* End PBXContainerItemProxy section */

/* Begin PBXCopyFilesBuildPhase section */
		3F3544EA1D98213A003941CB /* Embed Frameworks */ = {
			isa = PBXCopyFilesBuildPhase;
			buildActionMask = 2147483647;
			dstPath = "";
			dstSubfolderSpec = 10;
			files = (
				3FA9A7A01DB3F0E3002060EE /* CommonCrypto.framework in Embed Frameworks */,
				3F3544E61D98213A003941CB /* FanSabisuKit.framework in Embed Frameworks */,
			);
			name = "Embed Frameworks";
			runOnlyForDeploymentPostprocessing = 0;
		};
		3F8659551D98166200AEB39E /* Embed App Extensions */ = {
			isa = PBXCopyFilesBuildPhase;
			buildActionMask = 2147483647;
			dstPath = "";
			dstSubfolderSpec = 13;
			files = (
				3FF9726E1D992906002B9D1A /* FanSabisuActionUIExt.appex in Embed App Extensions */,
			);
			name = "Embed App Extensions";
			runOnlyForDeploymentPostprocessing = 0;
		};
/* End PBXCopyFilesBuildPhase section */

/* Begin PBXFileReference section */
		3F19B28D1DBCDD9F0009DA1D /* SystemConfiguration.framework */ = {isa = PBXFileReference; lastKnownFileType = wrapper.framework; name = SystemConfiguration.framework; path = System/Library/Frameworks/SystemConfiguration.framework; sourceTree = SDKROOT; };
		3F19B28F1DBCDDA90009DA1D /* CoreData.framework */ = {isa = PBXFileReference; lastKnownFileType = wrapper.framework; name = CoreData.framework; path = System/Library/Frameworks/CoreData.framework; sourceTree = SDKROOT; };
		3F19B2911DBCDDB40009DA1D /* libz.tbd */ = {isa = PBXFileReference; lastKnownFileType = "sourcecode.text-based-dylib-definition"; name = libz.tbd; path = usr/lib/libz.tbd; sourceTree = SDKROOT; };
		3F19B2931DBCDDC00009DA1D /* libsqlite3.tbd */ = {isa = PBXFileReference; lastKnownFileType = "sourcecode.text-based-dylib-definition"; name = libsqlite3.tbd; path = usr/lib/libsqlite3.tbd; sourceTree = SDKROOT; };
		3F1CADA11DBCD90800C7DCB8 /* libGoogleAnalyticsServices.a */ = {isa = PBXFileReference; lastKnownFileType = archive.ar; name = libGoogleAnalyticsServices.a; path = ../Vendor/GoogleAnalytics/libGoogleAnalyticsServices.a; sourceTree = "<group>"; };
		3F1CADA31DBCD91500C7DCB8 /* GAI.h */ = {isa = PBXFileReference; fileEncoding = 4; lastKnownFileType = sourcecode.c.h; name = GAI.h; path = ../Vendor/GoogleAnalytics/Headers/GAI.h; sourceTree = "<group>"; };
		3F1CADA41DBCD91500C7DCB8 /* GAIDictionaryBuilder.h */ = {isa = PBXFileReference; fileEncoding = 4; lastKnownFileType = sourcecode.c.h; name = GAIDictionaryBuilder.h; path = ../Vendor/GoogleAnalytics/Headers/GAIDictionaryBuilder.h; sourceTree = "<group>"; };
		3F1CADA51DBCD91500C7DCB8 /* GAIEcommerceFields.h */ = {isa = PBXFileReference; fileEncoding = 4; lastKnownFileType = sourcecode.c.h; name = GAIEcommerceFields.h; path = ../Vendor/GoogleAnalytics/Headers/GAIEcommerceFields.h; sourceTree = "<group>"; };
		3F1CADA61DBCD91500C7DCB8 /* GAIEcommerceProduct.h */ = {isa = PBXFileReference; fileEncoding = 4; lastKnownFileType = sourcecode.c.h; name = GAIEcommerceProduct.h; path = ../Vendor/GoogleAnalytics/Headers/GAIEcommerceProduct.h; sourceTree = "<group>"; };
		3F1CADA71DBCD91500C7DCB8 /* GAIEcommerceProductAction.h */ = {isa = PBXFileReference; fileEncoding = 4; lastKnownFileType = sourcecode.c.h; name = GAIEcommerceProductAction.h; path = ../Vendor/GoogleAnalytics/Headers/GAIEcommerceProductAction.h; sourceTree = "<group>"; };
		3F1CADA81DBCD91500C7DCB8 /* GAIEcommercePromotion.h */ = {isa = PBXFileReference; fileEncoding = 4; lastKnownFileType = sourcecode.c.h; name = GAIEcommercePromotion.h; path = ../Vendor/GoogleAnalytics/Headers/GAIEcommercePromotion.h; sourceTree = "<group>"; };
		3F1CADA91DBCD91500C7DCB8 /* GAIFields.h */ = {isa = PBXFileReference; fileEncoding = 4; lastKnownFileType = sourcecode.c.h; name = GAIFields.h; path = ../Vendor/GoogleAnalytics/Headers/GAIFields.h; sourceTree = "<group>"; };
		3F1CADAA1DBCD91500C7DCB8 /* GAILogger.h */ = {isa = PBXFileReference; fileEncoding = 4; lastKnownFileType = sourcecode.c.h; name = GAILogger.h; path = ../Vendor/GoogleAnalytics/Headers/GAILogger.h; sourceTree = "<group>"; };
		3F1CADAB1DBCD91500C7DCB8 /* GAITrackedViewController.h */ = {isa = PBXFileReference; fileEncoding = 4; lastKnownFileType = sourcecode.c.h; name = GAITrackedViewController.h; path = ../Vendor/GoogleAnalytics/Headers/GAITrackedViewController.h; sourceTree = "<group>"; };
		3F1CADAC1DBCD91500C7DCB8 /* GAITracker.h */ = {isa = PBXFileReference; fileEncoding = 4; lastKnownFileType = sourcecode.c.h; name = GAITracker.h; path = ../Vendor/GoogleAnalytics/Headers/GAITracker.h; sourceTree = "<group>"; };
		3F1CADAF1DBCD99200C7DCB8 /* FanSabisu-Bridging-Header.h */ = {isa = PBXFileReference; lastKnownFileType = sourcecode.c.h; name = "FanSabisu-Bridging-Header.h"; path = "Other sources/FanSabisu-Bridging-Header.h"; sourceTree = "<group>"; };
		3F32FDF61DBBDF0100350025 /* Editor.swift */ = {isa = PBXFileReference; fileEncoding = 4; lastKnownFileType = sourcecode.swift; name = Editor.swift; path = Sources/Editor.swift; sourceTree = "<group>"; };
		3F32FDF81DBBEA6100350025 /* PreviewViewController.swift */ = {isa = PBXFileReference; fileEncoding = 4; lastKnownFileType = sourcecode.swift; name = PreviewViewController.swift; path = Sources/PreviewViewController.swift; sourceTree = "<group>"; };
		3F32FDFA1DBBFD0600350025 /* Session.swift */ = {isa = PBXFileReference; fileEncoding = 4; lastKnownFileType = sourcecode.swift; name = Session.swift; path = Sources/Session.swift; sourceTree = "<group>"; };
		3F3544DE1D98213A003941CB /* FanSabisuKit.framework */ = {isa = PBXFileReference; explicitFileType = wrapper.framework; includeInIndex = 0; path = FanSabisuKit.framework; sourceTree = BUILT_PRODUCTS_DIR; };
		3F3544E01D98213A003941CB /* FanSabisuKit.h */ = {isa = PBXFileReference; lastKnownFileType = sourcecode.c.h; name = FanSabisuKit.h; path = "Other sources/FanSabisuKit.h"; sourceTree = "<group>"; };
		3F3544E11D98213A003941CB /* Info.plist */ = {isa = PBXFileReference; lastKnownFileType = text.plist.xml; name = Info.plist; path = "Other sources/Info.plist"; sourceTree = "<group>"; };
		3F3544EB1D982185003941CB /* MediaDownloader.swift */ = {isa = PBXFileReference; fileEncoding = 4; lastKnownFileType = sourcecode.swift; name = MediaDownloader.swift; path = Sources/MediaDownloader.swift; sourceTree = "<group>"; };
		3F3544EF1D983050003941CB /* TokenProvider.swift */ = {isa = PBXFileReference; fileEncoding = 4; lastKnownFileType = sourcecode.swift; name = TokenProvider.swift; path = Sources/TokenProvider.swift; sourceTree = "<group>"; };
		3F5117F41D9F03D900676E60 /* UIImage+GIF.swift */ = {isa = PBXFileReference; fileEncoding = 4; lastKnownFileType = sourcecode.swift; name = "UIImage+GIF.swift"; path = "Sources/UIImage+GIF.swift"; sourceTree = "<group>"; };
		3F5117F61D9F23BB00676E60 /* UIViewController+PresentMessage.swift */ = {isa = PBXFileReference; fileEncoding = 4; lastKnownFileType = sourcecode.swift; name = "UIViewController+PresentMessage.swift"; path = "Sources/UIViewController+PresentMessage.swift"; sourceTree = "<group>"; };
		3F5117F81D9F251000676E60 /* URL+Validator.swift */ = {isa = PBXFileReference; fileEncoding = 4; lastKnownFileType = sourcecode.swift; name = "URL+Validator.swift"; path = "Sources/URL+Validator.swift"; sourceTree = "<group>"; };
		3F6937961DA43B71008C7CFE /* SettingKey.swift */ = {isa = PBXFileReference; fileEncoding = 4; lastKnownFileType = sourcecode.swift; name = SettingKey.swift; path = Sources/SettingKey.swift; sourceTree = "<group>"; };
		3F78E8961D9D989B000361FF /* MediaCell.swift */ = {isa = PBXFileReference; fileEncoding = 4; lastKnownFileType = sourcecode.swift; name = MediaCell.swift; path = Sources/MediaCell.swift; sourceTree = "<group>"; };
		3F78E8981D9DA573000361FF /* MediaDetailViewController.swift */ = {isa = PBXFileReference; fileEncoding = 4; lastKnownFileType = sourcecode.swift; name = MediaDetailViewController.swift; path = Sources/MediaDetailViewController.swift; sourceTree = "<group>"; };
		3F8659071D9809DE00AEB39E /* en */ = {isa = PBXFileReference; lastKnownFileType = file.storyboard; name = en; path = en.lproj/LaunchScreen.storyboard; sourceTree = "<group>"; };
		3F86590A1D9809E700AEB39E /* en */ = {isa = PBXFileReference; lastKnownFileType = file.storyboard; name = en; path = en.lproj/Main.storyboard; sourceTree = "<group>"; };
		3F8F81391DA956E000D35552 /* UIViewController+TraitInformation.swift */ = {isa = PBXFileReference; fileEncoding = 4; lastKnownFileType = sourcecode.swift; name = "UIViewController+TraitInformation.swift"; path = "Sources/UIViewController+TraitInformation.swift"; sourceTree = "<group>"; };
		3F9E09B41DA2DBD70097747C /* Assets.xcassets */ = {isa = PBXFileReference; lastKnownFileType = folder.assetcatalog; name = Assets.xcassets; path = Assets/Assets.xcassets; sourceTree = "<group>"; };
		3F9E09B61DA2E0570097747C /* FanSabisu.entitlements */ = {isa = PBXFileReference; lastKnownFileType = text.plist.entitlements; name = FanSabisu.entitlements; path = "Other sources/FanSabisu.entitlements"; sourceTree = "<group>"; };
		3F9E09B71DA2E0770097747C /* FanSabisuActionUIExt.entitlements */ = {isa = PBXFileReference; lastKnownFileType = text.plist.entitlements; name = FanSabisuActionUIExt.entitlements; path = "Other sources/FanSabisuActionUIExt.entitlements"; sourceTree = "<group>"; };
		3FA9A7981DB3F0E3002060EE /* CommonCrypto.framework */ = {isa = PBXFileReference; explicitFileType = wrapper.framework; includeInIndex = 0; path = CommonCrypto.framework; sourceTree = BUILT_PRODUCTS_DIR; };
		3FA9A79A1DB3F0E3002060EE /* CommonCrypto.h */ = {isa = PBXFileReference; lastKnownFileType = sourcecode.c.h; name = CommonCrypto.h; path = "Other sources/CommonCrypto.h"; sourceTree = "<group>"; };
		3FA9A79B1DB3F0E3002060EE /* Info.plist */ = {isa = PBXFileReference; lastKnownFileType = text.plist.xml; name = Info.plist; path = "Other sources/Info.plist"; sourceTree = "<group>"; };
		3FA9A7A41DB3F103002060EE /* CommonCrypto.xcconfig */ = {isa = PBXFileReference; fileEncoding = 4; lastKnownFileType = text.xcconfig; name = CommonCrypto.xcconfig; path = "Other sources/CommonCrypto.xcconfig"; sourceTree = "<group>"; };
		3FA9A7A51DB3F103002060EE /* iphoneos.modulemap */ = {isa = PBXFileReference; fileEncoding = 4; lastKnownFileType = "sourcecode.module-map"; name = iphoneos.modulemap; path = "Other sources/iphoneos.modulemap"; sourceTree = "<group>"; };
		3FA9A7A61DB3F103002060EE /* iphonesimulator.modulemap */ = {isa = PBXFileReference; fileEncoding = 4; lastKnownFileType = "sourcecode.module-map"; name = iphonesimulator.modulemap; path = "Other sources/iphonesimulator.modulemap"; sourceTree = "<group>"; };
		3FA9A7A71DB3F103002060EE /* macosx.modulemap */ = {isa = PBXFileReference; fileEncoding = 4; lastKnownFileType = "sourcecode.module-map"; name = macosx.modulemap; path = "Other sources/macosx.modulemap"; sourceTree = "<group>"; };
		3FA9A7A91DB3F128002060EE /* Authorizer.swift */ = {isa = PBXFileReference; fileEncoding = 4; lastKnownFileType = sourcecode.swift; name = Authorizer.swift; path = Sources/Authorizer.swift; sourceTree = "<group>"; };
		3FA9A7AA1DB3F128002060EE /* Signature.swift */ = {isa = PBXFileReference; fileEncoding = 4; lastKnownFileType = sourcecode.swift; name = Signature.swift; path = Sources/Signature.swift; sourceTree = "<group>"; };
		3FA9A7B61DB3F2FA002060EE /* FanSabisuKitTests.xctest */ = {isa = PBXFileReference; explicitFileType = wrapper.cfbundle; includeInIndex = 0; path = FanSabisuKitTests.xctest; sourceTree = BUILT_PRODUCTS_DIR; };
		3FA9A7B81DB3F2FA002060EE /* FanSabisuKitTests.swift */ = {isa = PBXFileReference; lastKnownFileType = sourcecode.swift; name = FanSabisuKitTests.swift; path = Tests/FanSabisuKitTests.swift; sourceTree = "<group>"; };
		3FA9A7BA1DB3F2FA002060EE /* Info.plist */ = {isa = PBXFileReference; lastKnownFileType = text.plist.xml; name = Info.plist; path = "Other sources/Info.plist"; sourceTree = "<group>"; };
		3FA9A7C11DB3F825002060EE /* String+PercentEncode.swift */ = {isa = PBXFileReference; fileEncoding = 4; lastKnownFileType = sourcecode.swift; name = "String+PercentEncode.swift"; path = "Sources/String+PercentEncode.swift"; sourceTree = "<group>"; };
		3FA9A7C31DB40961002060EE /* TwitterCredentials.swift */ = {isa = PBXFileReference; fileEncoding = 4; lastKnownFileType = sourcecode.swift; name = TwitterCredentials.swift; path = Sources/TwitterCredentials.swift; sourceTree = "<group>"; };
		3FABB62F1D9FBAA1003E4B02 /* ResponseParser.swift */ = {isa = PBXFileReference; fileEncoding = 4; lastKnownFileType = sourcecode.swift; name = ResponseParser.swift; path = Sources/ResponseParser.swift; sourceTree = "<group>"; };
		3FABB6361D9FD649003E4B02 /* String+Localization.swift */ = {isa = PBXFileReference; fileEncoding = 4; lastKnownFileType = sourcecode.swift; name = "String+Localization.swift"; path = "Sources/String+Localization.swift"; sourceTree = "<group>"; };
		3FABB63A1D9FE0CA003E4B02 /* SettingsViewController.swift */ = {isa = PBXFileReference; fileEncoding = 4; lastKnownFileType = sourcecode.swift; name = SettingsViewController.swift; path = Sources/SettingsViewController.swift; sourceTree = "<group>"; };
		3FABB63C1DA03163003E4B02 /* Double+Round.swift */ = {isa = PBXFileReference; fileEncoding = 4; lastKnownFileType = sourcecode.swift; name = "Double+Round.swift"; path = "Sources/Double+Round.swift"; sourceTree = "<group>"; };
		3FBC44A31DC4E5F40012DC36 /* en */ = {isa = PBXFileReference; lastKnownFileType = text.plist.strings; name = en; path = en.lproj/Localizable.strings; sourceTree = "<group>"; };
		3FBC44AB1DC4E6DC0012DC36 /* en */ = {isa = PBXFileReference; lastKnownFileType = file.storyboard; name = en; path = en.lproj/MainInterface.storyboard; sourceTree = "<group>"; };
		3FC3D3DF1DBFE3EB0073D4A8 /* GoogleAnalyticsCredentials.swift */ = {isa = PBXFileReference; fileEncoding = 4; lastKnownFileType = sourcecode.swift; name = GoogleAnalyticsCredentials.swift; path = Sources/GoogleAnalyticsCredentials.swift; sourceTree = "<group>"; };
		3FD87C0D1D9FB7BE00D778BA /* Result.swift */ = {isa = PBXFileReference; fileEncoding = 4; lastKnownFileType = sourcecode.swift; name = Result.swift; path = Sources/Result.swift; sourceTree = "<group>"; };
		3FE447E71D980799008E0B66 /* FanSabisu.app */ = {isa = PBXFileReference; explicitFileType = wrapper.application; includeInIndex = 0; path = FanSabisu.app; sourceTree = BUILT_PRODUCTS_DIR; };
		3FE4481D1D980866008E0B66 /* Info.plist */ = {isa = PBXFileReference; fileEncoding = 4; lastKnownFileType = text.plist.xml; name = Info.plist; path = "Other sources/Info.plist"; sourceTree = "<group>"; };
		3FE448251D98090A008E0B66 /* AppDelegate.swift */ = {isa = PBXFileReference; fileEncoding = 4; lastKnownFileType = sourcecode.swift; name = AppDelegate.swift; path = Sources/AppDelegate.swift; sourceTree = "<group>"; };
		3FF2D1B91DA2C3880019E838 /* UIColor+Appearance.swift */ = {isa = PBXFileReference; fileEncoding = 4; lastKnownFileType = sourcecode.swift; name = "UIColor+Appearance.swift"; path = "Sources/UIColor+Appearance.swift"; sourceTree = "<group>"; };
		3FF2D1BB1DA2C8FA0019E838 /* Assets.xcassets */ = {isa = PBXFileReference; lastKnownFileType = folder.assetcatalog; name = Assets.xcassets; path = Assets/Assets.xcassets; sourceTree = "<group>"; };
		3FF9725C1D9917DA002B9D1A /* VideoProcessor.swift */ = {isa = PBXFileReference; fileEncoding = 4; lastKnownFileType = sourcecode.swift; name = VideoProcessor.swift; path = Sources/VideoProcessor.swift; sourceTree = "<group>"; };
		3FF9725E1D991DD0002B9D1A /* MediaViewController.swift */ = {isa = PBXFileReference; fileEncoding = 4; lastKnownFileType = sourcecode.swift; name = MediaViewController.swift; path = Sources/MediaViewController.swift; sourceTree = "<group>"; };
		3FF972641D992906002B9D1A /* FanSabisuActionUIExt.appex */ = {isa = PBXFileReference; explicitFileType = "wrapper.app-extension"; includeInIndex = 0; path = FanSabisuActionUIExt.appex; sourceTree = BUILT_PRODUCTS_DIR; };
		3FF972661D992906002B9D1A /* ActionViewController.swift */ = {isa = PBXFileReference; lastKnownFileType = sourcecode.swift; name = ActionViewController.swift; path = Sources/ActionViewController.swift; sourceTree = "<group>"; };
		3FF9726B1D992906002B9D1A /* Info.plist */ = {isa = PBXFileReference; lastKnownFileType = text.plist.xml; name = Info.plist; path = "Other sources/Info.plist"; sourceTree = "<group>"; };
		3FFB5A241DB6A4B400A9DD92 /* FSKNotificationCenter.h */ = {isa = PBXFileReference; fileEncoding = 4; lastKnownFileType = sourcecode.c.h; name = FSKNotificationCenter.h; path = Sources/FSKNotificationCenter.h; sourceTree = "<group>"; };
		3FFB5A251DB6A4B400A9DD92 /* FSKNotificationCenter.m */ = {isa = PBXFileReference; fileEncoding = 4; lastKnownFileType = sourcecode.c.objc; name = FSKNotificationCenter.m; path = Sources/FSKNotificationCenter.m; sourceTree = "<group>"; };
		3FFB5A281DB6B71400A9DD92 /* Keychain.swift */ = {isa = PBXFileReference; fileEncoding = 4; lastKnownFileType = sourcecode.swift; name = Keychain.swift; path = Sources/Keychain.swift; sourceTree = "<group>"; };
/* End PBXFileReference section */

/* Begin PBXFrameworksBuildPhase section */
		3F3544DA1D98213A003941CB /* Frameworks */ = {
			isa = PBXFrameworksBuildPhase;
			buildActionMask = 2147483647;
			files = (
				3FA9A7B11DB3F1ED002060EE /* CommonCrypto.framework in Frameworks */,
			);
			runOnlyForDeploymentPostprocessing = 0;
		};
		3FA9A7941DB3F0E3002060EE /* Frameworks */ = {
			isa = PBXFrameworksBuildPhase;
			buildActionMask = 2147483647;
			files = (
			);
			runOnlyForDeploymentPostprocessing = 0;
		};
		3FA9A7B31DB3F2FA002060EE /* Frameworks */ = {
			isa = PBXFrameworksBuildPhase;
			buildActionMask = 2147483647;
			files = (
				3FA9A7BB1DB3F2FA002060EE /* FanSabisuKit.framework in Frameworks */,
			);
			runOnlyForDeploymentPostprocessing = 0;
		};
		3FE447E41D980799008E0B66 /* Frameworks */ = {
			isa = PBXFrameworksBuildPhase;
			buildActionMask = 2147483647;
			files = (
				3F19B2941DBCDDC00009DA1D /* libsqlite3.tbd in Frameworks */,
				3F19B2921DBCDDB40009DA1D /* libz.tbd in Frameworks */,
				3F19B2901DBCDDA90009DA1D /* CoreData.framework in Frameworks */,
				3F19B28E1DBCDD9F0009DA1D /* SystemConfiguration.framework in Frameworks */,
				3FA9A79F1DB3F0E3002060EE /* CommonCrypto.framework in Frameworks */,
				3F3544E51D98213A003941CB /* FanSabisuKit.framework in Frameworks */,
				3F1CADA21DBCD90800C7DCB8 /* libGoogleAnalyticsServices.a in Frameworks */,
			);
			runOnlyForDeploymentPostprocessing = 0;
		};
		3FF972611D992906002B9D1A /* Frameworks */ = {
			isa = PBXFrameworksBuildPhase;
			buildActionMask = 2147483647;
			files = (
			);
			runOnlyForDeploymentPostprocessing = 0;
		};
/* End PBXFrameworksBuildPhase section */

/* Begin PBXGroup section */
		3F19B28A1DBCDD6C0009DA1D /* Frameworks */ = {
			isa = PBXGroup;
			children = (
				3F19B2931DBCDDC00009DA1D /* libsqlite3.tbd */,
				3F19B2911DBCDDB40009DA1D /* libz.tbd */,
				3F19B28F1DBCDDA90009DA1D /* CoreData.framework */,
				3F19B28D1DBCDD9F0009DA1D /* SystemConfiguration.framework */,
			);
			name = Frameworks;
			sourceTree = "<group>";
		};
		3F1CAD991DBCD8D200C7DCB8 /* Vendor */ = {
			isa = PBXGroup;
			children = (
				3F1CADA11DBCD90800C7DCB8 /* libGoogleAnalyticsServices.a */,
				3F1CADA01DBCD90100C7DCB8 /* Headers */,
			);
			name = Vendor;
			sourceTree = "<group>";
		};
		3F1CADA01DBCD90100C7DCB8 /* Headers */ = {
			isa = PBXGroup;
			children = (
				3F1CADA31DBCD91500C7DCB8 /* GAI.h */,
				3F1CADA41DBCD91500C7DCB8 /* GAIDictionaryBuilder.h */,
				3F1CADA51DBCD91500C7DCB8 /* GAIEcommerceFields.h */,
				3F1CADA61DBCD91500C7DCB8 /* GAIEcommerceProduct.h */,
				3F1CADA71DBCD91500C7DCB8 /* GAIEcommerceProductAction.h */,
				3F1CADA81DBCD91500C7DCB8 /* GAIEcommercePromotion.h */,
				3F1CADA91DBCD91500C7DCB8 /* GAIFields.h */,
				3F1CADAA1DBCD91500C7DCB8 /* GAILogger.h */,
				3F1CADAB1DBCD91500C7DCB8 /* GAITrackedViewController.h */,
				3F1CADAC1DBCD91500C7DCB8 /* GAITracker.h */,
			);
			name = Headers;
			sourceTree = "<group>";
		};
		3F3544DF1D98213A003941CB /* FanSabisuKit */ = {
			isa = PBXGroup;
			children = (
				3FBC449C1DC4E5870012DC36 /* Other sources */,
				3FBC449B1DC4E5820012DC36 /* Sources */,
				3FBC449A1DC4E57D0012DC36 /* Assets */,
			);
			path = FanSabisuKit;
			sourceTree = "<group>";
		};
		3FA9A7991DB3F0E3002060EE /* CommonCrypto */ = {
			isa = PBXGroup;
			children = (
				3FBC44AD1DC4E6E20012DC36 /* Other sources */,
			);
			path = CommonCrypto;
			sourceTree = "<group>";
		};
		3FA9A7B71DB3F2FA002060EE /* FanSabisuKitTests */ = {
			isa = PBXGroup;
			children = (
				3FBC44981DC4E4F50012DC36 /* Tests */,
				3FBC44991DC4E4FA0012DC36 /* Other sources */,
			);
			path = FanSabisuKitTests;
			sourceTree = "<group>";
		};
		3FBC44981DC4E4F50012DC36 /* Tests */ = {
			isa = PBXGroup;
			children = (
				3FA9A7B81DB3F2FA002060EE /* FanSabisuKitTests.swift */,
			);
			name = Tests;
			sourceTree = "<group>";
		};
		3FBC44991DC4E4FA0012DC36 /* Other sources */ = {
			isa = PBXGroup;
			children = (
				3FA9A7BA1DB3F2FA002060EE /* Info.plist */,
			);
			name = "Other sources";
			sourceTree = "<group>";
		};
		3FBC449A1DC4E57D0012DC36 /* Assets */ = {
			isa = PBXGroup;
			children = (
				3FBC44A41DC4E5F40012DC36 /* Localizable.strings */,
			);
			name = Assets;
			sourceTree = "<group>";
		};
		3FBC449B1DC4E5820012DC36 /* Sources */ = {
			isa = PBXGroup;
			children = (
				3F3544EB1D982185003941CB /* MediaDownloader.swift */,
				3F3544EF1D983050003941CB /* TokenProvider.swift */,
				3FF9725C1D9917DA002B9D1A /* VideoProcessor.swift */,
				3F5117F41D9F03D900676E60 /* UIImage+GIF.swift */,
				3F5117F81D9F251000676E60 /* URL+Validator.swift */,
				3FD87C0D1D9FB7BE00D778BA /* Result.swift */,
				3FABB62F1D9FBAA1003E4B02 /* ResponseParser.swift */,
				3FABB6361D9FD649003E4B02 /* String+Localization.swift */,
				3FABB63C1DA03163003E4B02 /* Double+Round.swift */,
				3FF2D1B91DA2C3880019E838 /* UIColor+Appearance.swift */,
				3F6937961DA43B71008C7CFE /* SettingKey.swift */,
				3FA9A7A91DB3F128002060EE /* Authorizer.swift */,
				3FA9A7AA1DB3F128002060EE /* Signature.swift */,
				3FA9A7C11DB3F825002060EE /* String+PercentEncode.swift */,
				3FA9A7C31DB40961002060EE /* TwitterCredentials.swift */,
				3FC3D3DF1DBFE3EB0073D4A8 /* GoogleAnalyticsCredentials.swift */,
				3FFB5A241DB6A4B400A9DD92 /* FSKNotificationCenter.h */,
				3FFB5A251DB6A4B400A9DD92 /* FSKNotificationCenter.m */,
				3FFB5A281DB6B71400A9DD92 /* Keychain.swift */,
				3F32FDF61DBBDF0100350025 /* Editor.swift */,
				3F32FDFA1DBBFD0600350025 /* Session.swift */,
			);
			name = Sources;
			sourceTree = "<group>";
		};
		3FBC449C1DC4E5870012DC36 /* Other sources */ = {
			isa = PBXGroup;
			children = (
				3F3544E01D98213A003941CB /* FanSabisuKit.h */,
				3F3544E11D98213A003941CB /* Info.plist */,
			);
			name = "Other sources";
			sourceTree = "<group>";
		};
		3FBC44A51DC4E6750012DC36 /* Other sources */ = {
			isa = PBXGroup;
			children = (
				3F9E09B71DA2E0770097747C /* FanSabisuActionUIExt.entitlements */,
				3FF9726B1D992906002B9D1A /* Info.plist */,
			);
			name = "Other sources";
			sourceTree = "<group>";
		};
		3FBC44A61DC4E67F0012DC36 /* Sources */ = {
			isa = PBXGroup;
			children = (
				3FF972661D992906002B9D1A /* ActionViewController.swift */,
			);
			name = Sources;
			sourceTree = "<group>";
		};
		3FBC44A71DC4E6840012DC36 /* Assets */ = {
			isa = PBXGroup;
			children = (
				3FBC44AC1DC4E6DC0012DC36 /* MainInterface.storyboard */,
				3F9E09B41DA2DBD70097747C /* Assets.xcassets */,
			);
			name = Assets;
			sourceTree = "<group>";
		};
		3FBC44AD1DC4E6E20012DC36 /* Other sources */ = {
			isa = PBXGroup;
			children = (
				3FA9A7A41DB3F103002060EE /* CommonCrypto.xcconfig */,
				3FA9A7A51DB3F103002060EE /* iphoneos.modulemap */,
				3FA9A7A61DB3F103002060EE /* iphonesimulator.modulemap */,
				3FA9A7A71DB3F103002060EE /* macosx.modulemap */,
				3FA9A79A1DB3F0E3002060EE /* CommonCrypto.h */,
				3FA9A79B1DB3F0E3002060EE /* Info.plist */,
			);
			name = "Other sources";
			sourceTree = "<group>";
		};
		3FE447DE1D980799008E0B66 = {
			isa = PBXGroup;
			children = (
				3FE447E91D980799008E0B66 /* FanSabisu */,
				3F3544DF1D98213A003941CB /* FanSabisuKit */,
				3FF972651D992906002B9D1A /* FanSabisuActionUIExt */,
				3FA9A7991DB3F0E3002060EE /* CommonCrypto */,
				3FA9A7B71DB3F2FA002060EE /* FanSabisuKitTests */,
				3FE447E81D980799008E0B66 /* Products */,
				3F19B28A1DBCDD6C0009DA1D /* Frameworks */,
			);
			sourceTree = "<group>";
		};
		3FE447E81D980799008E0B66 /* Products */ = {
			isa = PBXGroup;
			children = (
				3FE447E71D980799008E0B66 /* FanSabisu.app */,
				3F3544DE1D98213A003941CB /* FanSabisuKit.framework */,
				3FF972641D992906002B9D1A /* FanSabisuActionUIExt.appex */,
				3FA9A7981DB3F0E3002060EE /* CommonCrypto.framework */,
				3FA9A7B61DB3F2FA002060EE /* FanSabisuKitTests.xctest */,
			);
			name = Products;
			sourceTree = "<group>";
		};
		3FE447E91D980799008E0B66 /* FanSabisu */ = {
			isa = PBXGroup;
			children = (
				3F1CAD991DBCD8D200C7DCB8 /* Vendor */,
				3FE447FE1D98080D008E0B66 /* Assets */,
				3FE447FC1D980800008E0B66 /* Sources */,
				3FE447FD1D980805008E0B66 /* Other sources */,
			);
			path = FanSabisu;
			sourceTree = "<group>";
		};
		3FE447FC1D980800008E0B66 /* Sources */ = {
			isa = PBXGroup;
			children = (
				3FE448251D98090A008E0B66 /* AppDelegate.swift */,
				3FF9725E1D991DD0002B9D1A /* MediaViewController.swift */,
				3F78E8961D9D989B000361FF /* MediaCell.swift */,
				3F78E8981D9DA573000361FF /* MediaDetailViewController.swift */,
				3F5117F61D9F23BB00676E60 /* UIViewController+PresentMessage.swift */,
				3FABB63A1D9FE0CA003E4B02 /* SettingsViewController.swift */,
				3F8F81391DA956E000D35552 /* UIViewController+TraitInformation.swift */,
				3F32FDF81DBBEA6100350025 /* PreviewViewController.swift */,
			);
			name = Sources;
			sourceTree = "<group>";
		};
		3FE447FD1D980805008E0B66 /* Other sources */ = {
			isa = PBXGroup;
			children = (
				3F1CADAF1DBCD99200C7DCB8 /* FanSabisu-Bridging-Header.h */,
				3F9E09B61DA2E0570097747C /* FanSabisu.entitlements */,
				3FE4481D1D980866008E0B66 /* Info.plist */,
			);
			name = "Other sources";
			sourceTree = "<group>";
		};
		3FE447FE1D98080D008E0B66 /* Assets */ = {
			isa = PBXGroup;
			children = (
				3FF2D1BB1DA2C8FA0019E838 /* Assets.xcassets */,
				3F8659081D9809DE00AEB39E /* LaunchScreen.storyboard */,
				3F86590B1D9809E700AEB39E /* Main.storyboard */,
			);
			name = Assets;
			sourceTree = "<group>";
		};
		3FF972651D992906002B9D1A /* FanSabisuActionUIExt */ = {
			isa = PBXGroup;
			children = (
				3FBC44A71DC4E6840012DC36 /* Assets */,
				3FBC44A61DC4E67F0012DC36 /* Sources */,
				3FBC44A51DC4E6750012DC36 /* Other sources */,
			);
			path = FanSabisuActionUIExt;
			sourceTree = "<group>";
		};
/* End PBXGroup section */

/* Begin PBXHeadersBuildPhase section */
		3F3544DB1D98213A003941CB /* Headers */ = {
			isa = PBXHeadersBuildPhase;
			buildActionMask = 2147483647;
			files = (
				3F3544E21D98213A003941CB /* FanSabisuKit.h in Headers */,
				3FFB5A261DB6A4B400A9DD92 /* FSKNotificationCenter.h in Headers */,
			);
			runOnlyForDeploymentPostprocessing = 0;
		};
		3FA9A7951DB3F0E3002060EE /* Headers */ = {
			isa = PBXHeadersBuildPhase;
			buildActionMask = 2147483647;
			files = (
				3FA9A79C1DB3F0E3002060EE /* CommonCrypto.h in Headers */,
			);
			runOnlyForDeploymentPostprocessing = 0;
		};
/* End PBXHeadersBuildPhase section */

/* Begin PBXNativeTarget section */
		3F3544DD1D98213A003941CB /* FanSabisuKit */ = {
			isa = PBXNativeTarget;
			buildConfigurationList = 3F3544E71D98213A003941CB /* Build configuration list for PBXNativeTarget "FanSabisuKit" */;
			buildPhases = (
				3F3544D91D98213A003941CB /* Sources */,
				3F3544DA1D98213A003941CB /* Frameworks */,
				3F3544DB1D98213A003941CB /* Headers */,
				3F3544DC1D98213A003941CB /* Resources */,
			);
			buildRules = (
			);
			dependencies = (
				3FA9A7B01DB3F17D002060EE /* PBXTargetDependency */,
			);
			name = FanSabisuKit;
			productName = FanSabisuKit;
			productReference = 3F3544DE1D98213A003941CB /* FanSabisuKit.framework */;
			productType = "com.apple.product-type.framework";
		};
		3FA9A7971DB3F0E3002060EE /* CommonCrypto */ = {
			isa = PBXNativeTarget;
			buildConfigurationList = 3FA9A7A31DB3F0E3002060EE /* Build configuration list for PBXNativeTarget "CommonCrypto" */;
			buildPhases = (
				3FA9A7931DB3F0E3002060EE /* Sources */,
				3FA9A7941DB3F0E3002060EE /* Frameworks */,
				3FA9A7951DB3F0E3002060EE /* Headers */,
				3FA9A7961DB3F0E3002060EE /* Resources */,
			);
			buildRules = (
			);
			dependencies = (
			);
			name = CommonCrypto;
			productName = CommonCrypto;
			productReference = 3FA9A7981DB3F0E3002060EE /* CommonCrypto.framework */;
			productType = "com.apple.product-type.framework";
		};
		3FA9A7B51DB3F2FA002060EE /* FanSabisuKitTests */ = {
			isa = PBXNativeTarget;
			buildConfigurationList = 3FA9A7BE1DB3F2FA002060EE /* Build configuration list for PBXNativeTarget "FanSabisuKitTests" */;
			buildPhases = (
				3FA9A7B21DB3F2FA002060EE /* Sources */,
				3FA9A7B31DB3F2FA002060EE /* Frameworks */,
				3FA9A7B41DB3F2FA002060EE /* Resources */,
			);
			buildRules = (
			);
			dependencies = (
				3FA9A7BD1DB3F2FA002060EE /* PBXTargetDependency */,
			);
			name = FanSabisuKitTests;
			productName = FanSabisuKitTests;
			productReference = 3FA9A7B61DB3F2FA002060EE /* FanSabisuKitTests.xctest */;
			productType = "com.apple.product-type.bundle.unit-test";
		};
		3FE447E61D980799008E0B66 /* FanSabisu */ = {
			isa = PBXNativeTarget;
			buildConfigurationList = 3FE447F91D980799008E0B66 /* Build configuration list for PBXNativeTarget "FanSabisu" */;
			buildPhases = (
				3FE447E31D980799008E0B66 /* Sources */,
				3FE447E41D980799008E0B66 /* Frameworks */,
				3FE447E51D980799008E0B66 /* Resources */,
				3F8659551D98166200AEB39E /* Embed App Extensions */,
				3F3544EA1D98213A003941CB /* Embed Frameworks */,
			);
			buildRules = (
			);
			dependencies = (
				3F3544E41D98213A003941CB /* PBXTargetDependency */,
				3FF9726D1D992906002B9D1A /* PBXTargetDependency */,
				3FA9A79E1DB3F0E3002060EE /* PBXTargetDependency */,
			);
			name = FanSabisu;
			productName = FanSabisu;
			productReference = 3FE447E71D980799008E0B66 /* FanSabisu.app */;
			productType = "com.apple.product-type.application";
		};
		3FF972631D992906002B9D1A /* FanSabisuActionUIExt */ = {
			isa = PBXNativeTarget;
			buildConfigurationList = 3FF9726F1D992906002B9D1A /* Build configuration list for PBXNativeTarget "FanSabisuActionUIExt" */;
			buildPhases = (
				3FF972601D992906002B9D1A /* Sources */,
				3FF972611D992906002B9D1A /* Frameworks */,
				3FF972621D992906002B9D1A /* Resources */,
			);
			buildRules = (
			);
			dependencies = (
				3FF972731D99297D002B9D1A /* PBXTargetDependency */,
			);
			name = FanSabisuActionUIExt;
			productName = FanSabisuActionUIExt;
			productReference = 3FF972641D992906002B9D1A /* FanSabisuActionUIExt.appex */;
			productType = "com.apple.product-type.app-extension";
		};
/* End PBXNativeTarget section */

/* Begin PBXProject section */
		3FE447DF1D980799008E0B66 /* Project object */ = {
			isa = PBXProject;
			attributes = {
				LastSwiftUpdateCheck = 0800;
				LastUpgradeCheck = 0810;
				ORGANIZATIONNAME = "Renzo Crisóstomo";
				TargetAttributes = {
					3F3544DD1D98213A003941CB = {
						CreatedOnToolsVersion = 8.0;
						LastSwiftMigration = 0800;
						ProvisioningStyle = Manual;
					};
					3FA9A7971DB3F0E3002060EE = {
						CreatedOnToolsVersion = 8.0;
						ProvisioningStyle = Manual;
					};
					3FA9A7B51DB3F2FA002060EE = {
						CreatedOnToolsVersion = 8.0;
						DevelopmentTeam = 7A5BJMR95M;
						ProvisioningStyle = Manual;
					};
					3FE447E61D980799008E0B66 = {
						CreatedOnToolsVersion = 8.0;
						DevelopmentTeam = 7A5BJMR95M;
						LastSwiftMigration = 0800;
						ProvisioningStyle = Manual;
						SystemCapabilities = {
							com.apple.ApplicationGroups.iOS = {
								enabled = 1;
							};
						};
					};
					3FF972631D992906002B9D1A = {
						CreatedOnToolsVersion = 8.0;
						DevelopmentTeam = 7A5BJMR95M;
						ProvisioningStyle = Manual;
						SystemCapabilities = {
							com.apple.ApplicationGroups.iOS = {
								enabled = 1;
							};
						};
					};
				};
			};
			buildConfigurationList = 3FE447E21D980799008E0B66 /* Build configuration list for PBXProject "FanSabisu" */;
			compatibilityVersion = "Xcode 3.2";
			developmentRegion = English;
			hasScannedForEncodings = 0;
			knownRegions = (
				en,
				Base,
			);
			mainGroup = 3FE447DE1D980799008E0B66;
			productRefGroup = 3FE447E81D980799008E0B66 /* Products */;
			projectDirPath = "";
			projectRoot = "";
			targets = (
				3FE447E61D980799008E0B66 /* FanSabisu */,
				3F3544DD1D98213A003941CB /* FanSabisuKit */,
				3FF972631D992906002B9D1A /* FanSabisuActionUIExt */,
				3FA9A7971DB3F0E3002060EE /* CommonCrypto */,
				3FA9A7B51DB3F2FA002060EE /* FanSabisuKitTests */,
			);
		};
/* End PBXProject section */

/* Begin PBXResourcesBuildPhase section */
		3F3544DC1D98213A003941CB /* Resources */ = {
			isa = PBXResourcesBuildPhase;
			buildActionMask = 2147483647;
			files = (
				3FBC44A21DC4E5F40012DC36 /* Localizable.strings in Resources */,
			);
			runOnlyForDeploymentPostprocessing = 0;
		};
		3FA9A7961DB3F0E3002060EE /* Resources */ = {
			isa = PBXResourcesBuildPhase;
			buildActionMask = 2147483647;
			files = (
			);
			runOnlyForDeploymentPostprocessing = 0;
		};
		3FA9A7B41DB3F2FA002060EE /* Resources */ = {
			isa = PBXResourcesBuildPhase;
			buildActionMask = 2147483647;
			files = (
			);
			runOnlyForDeploymentPostprocessing = 0;
		};
		3FE447E51D980799008E0B66 /* Resources */ = {
			isa = PBXResourcesBuildPhase;
			buildActionMask = 2147483647;
			files = (
				3F8659091D9809E700AEB39E /* Main.storyboard in Resources */,
				3FF2D1BC1DA2C8FA0019E838 /* Assets.xcassets in Resources */,
				3F8659061D9809DE00AEB39E /* LaunchScreen.storyboard in Resources */,
			);
			runOnlyForDeploymentPostprocessing = 0;
		};
		3FF972621D992906002B9D1A /* Resources */ = {
			isa = PBXResourcesBuildPhase;
			buildActionMask = 2147483647;
			files = (
				3F9E09B51DA2DBD70097747C /* Assets.xcassets in Resources */,
				3FBC44AA1DC4E6DC0012DC36 /* MainInterface.storyboard in Resources */,
			);
			runOnlyForDeploymentPostprocessing = 0;
		};
/* End PBXResourcesBuildPhase section */

/* Begin PBXSourcesBuildPhase section */
		3F3544D91D98213A003941CB /* Sources */ = {
			isa = PBXSourcesBuildPhase;
			buildActionMask = 2147483647;
			files = (
				3FFB5A291DB6B71400A9DD92 /* Keychain.swift in Sources */,
				3FA9A7C41DB40961002060EE /* TwitterCredentials.swift in Sources */,
				3FF9725D1D9917DA002B9D1A /* VideoProcessor.swift in Sources */,
				3FABB63D1DA03163003E4B02 /* Double+Round.swift in Sources */,
				3F32FDF71DBBDF0100350025 /* Editor.swift in Sources */,
				3F3544F01D983050003941CB /* TokenProvider.swift in Sources */,
				3F5117F51D9F03D900676E60 /* UIImage+GIF.swift in Sources */,
				3FA9A7AC1DB3F128002060EE /* Authorizer.swift in Sources */,
				3FC3D3E01DBFE3EB0073D4A8 /* GoogleAnalyticsCredentials.swift in Sources */,
				3F3544EC1D982185003941CB /* MediaDownloader.swift in Sources */,
				3FD87C0E1D9FB7BE00D778BA /* Result.swift in Sources */,
				3FA9A7AD1DB3F128002060EE /* Signature.swift in Sources */,
				3F32FDFB1DBBFD0600350025 /* Session.swift in Sources */,
				3F5117F91D9F251000676E60 /* URL+Validator.swift in Sources */,
				3FF2D1BA1DA2C3880019E838 /* UIColor+Appearance.swift in Sources */,
				3FABB6301D9FBAA1003E4B02 /* ResponseParser.swift in Sources */,
				3F6937971DA43B71008C7CFE /* SettingKey.swift in Sources */,
				3FA9A7C21DB3F825002060EE /* String+PercentEncode.swift in Sources */,
				3FFB5A271DB6A4B400A9DD92 /* FSKNotificationCenter.m in Sources */,
				3FABB6371D9FD649003E4B02 /* String+Localization.swift in Sources */,
			);
			runOnlyForDeploymentPostprocessing = 0;
		};
		3FA9A7931DB3F0E3002060EE /* Sources */ = {
			isa = PBXSourcesBuildPhase;
			buildActionMask = 2147483647;
			files = (
			);
			runOnlyForDeploymentPostprocessing = 0;
		};
		3FA9A7B21DB3F2FA002060EE /* Sources */ = {
			isa = PBXSourcesBuildPhase;
			buildActionMask = 2147483647;
			files = (
				3FA9A7B91DB3F2FA002060EE /* FanSabisuKitTests.swift in Sources */,
			);
			runOnlyForDeploymentPostprocessing = 0;
		};
		3FE447E31D980799008E0B66 /* Sources */ = {
			isa = PBXSourcesBuildPhase;
			buildActionMask = 2147483647;
			files = (
				3F78E8991D9DA573000361FF /* MediaDetailViewController.swift in Sources */,
				3FE448271D98090A008E0B66 /* AppDelegate.swift in Sources */,
				3F78E8971D9D989B000361FF /* MediaCell.swift in Sources */,
				3FF9725F1D991DD0002B9D1A /* MediaViewController.swift in Sources */,
				3F5117F71D9F23BB00676E60 /* UIViewController+PresentMessage.swift in Sources */,
				3F8F813A1DA956E000D35552 /* UIViewController+TraitInformation.swift in Sources */,
				3FABB63B1D9FE0CA003E4B02 /* SettingsViewController.swift in Sources */,
				3F32FDF91DBBEA6100350025 /* PreviewViewController.swift in Sources */,
			);
			runOnlyForDeploymentPostprocessing = 0;
		};
		3FF972601D992906002B9D1A /* Sources */ = {
			isa = PBXSourcesBuildPhase;
			buildActionMask = 2147483647;
			files = (
				3FF972671D992906002B9D1A /* ActionViewController.swift in Sources */,
			);
			runOnlyForDeploymentPostprocessing = 0;
		};
/* End PBXSourcesBuildPhase section */

/* Begin PBXTargetDependency section */
		3F3544E41D98213A003941CB /* PBXTargetDependency */ = {
			isa = PBXTargetDependency;
			target = 3F3544DD1D98213A003941CB /* FanSabisuKit */;
			targetProxy = 3F3544E31D98213A003941CB /* PBXContainerItemProxy */;
		};
		3FA9A79E1DB3F0E3002060EE /* PBXTargetDependency */ = {
			isa = PBXTargetDependency;
			target = 3FA9A7971DB3F0E3002060EE /* CommonCrypto */;
			targetProxy = 3FA9A79D1DB3F0E3002060EE /* PBXContainerItemProxy */;
		};
		3FA9A7B01DB3F17D002060EE /* PBXTargetDependency */ = {
			isa = PBXTargetDependency;
			target = 3FA9A7971DB3F0E3002060EE /* CommonCrypto */;
			targetProxy = 3FA9A7AF1DB3F17D002060EE /* PBXContainerItemProxy */;
		};
		3FA9A7BD1DB3F2FA002060EE /* PBXTargetDependency */ = {
			isa = PBXTargetDependency;
			target = 3F3544DD1D98213A003941CB /* FanSabisuKit */;
			targetProxy = 3FA9A7BC1DB3F2FA002060EE /* PBXContainerItemProxy */;
		};
		3FF9726D1D992906002B9D1A /* PBXTargetDependency */ = {
			isa = PBXTargetDependency;
			target = 3FF972631D992906002B9D1A /* FanSabisuActionUIExt */;
			targetProxy = 3FF9726C1D992906002B9D1A /* PBXContainerItemProxy */;
		};
		3FF972731D99297D002B9D1A /* PBXTargetDependency */ = {
			isa = PBXTargetDependency;
			target = 3F3544DD1D98213A003941CB /* FanSabisuKit */;
			targetProxy = 3FF972721D99297D002B9D1A /* PBXContainerItemProxy */;
		};
/* End PBXTargetDependency section */

/* Begin PBXVariantGroup section */
		3F8659081D9809DE00AEB39E /* LaunchScreen.storyboard */ = {
			isa = PBXVariantGroup;
			children = (
				3F8659071D9809DE00AEB39E /* en */,
			);
			name = LaunchScreen.storyboard;
			path = Assets;
			sourceTree = "<group>";
		};
		3F86590B1D9809E700AEB39E /* Main.storyboard */ = {
			isa = PBXVariantGroup;
			children = (
				3F86590A1D9809E700AEB39E /* en */,
			);
			name = Main.storyboard;
			path = Assets;
			sourceTree = "<group>";
		};
		3FBC44A41DC4E5F40012DC36 /* Localizable.strings */ = {
			isa = PBXVariantGroup;
			children = (
				3FBC44A31DC4E5F40012DC36 /* en */,
			);
			name = Localizable.strings;
			path = Assets;
			sourceTree = "<group>";
		};
		3FBC44AC1DC4E6DC0012DC36 /* MainInterface.storyboard */ = {
			isa = PBXVariantGroup;
			children = (
				3FBC44AB1DC4E6DC0012DC36 /* en */,
			);
			name = MainInterface.storyboard;
			path = Assets;
			sourceTree = "<group>";
		};
/* End PBXVariantGroup section */

/* Begin XCBuildConfiguration section */
		3F3544E81D98213A003941CB /* Debug */ = {
			isa = XCBuildConfiguration;
			buildSettings = {
				APPLICATION_EXTENSION_API_ONLY = YES;
				CLANG_ENABLE_MODULES = YES;
				CODE_SIGN_IDENTITY = "";
				CURRENT_PROJECT_VERSION = 1;
				DEFINES_MODULE = YES;
				DEVELOPMENT_TEAM = "";
				DYLIB_COMPATIBILITY_VERSION = 1;
				DYLIB_CURRENT_VERSION = 1;
				DYLIB_INSTALL_NAME_BASE = "@rpath";
				INFOPLIST_FILE = "$(SRCROOT)/FanSabisuKit/Other sources/Info.plist";
				INSTALL_PATH = "$(LOCAL_LIBRARY_DIR)/Frameworks";
				IPHONEOS_DEPLOYMENT_TARGET = 9.0;
				LD_RUNPATH_SEARCH_PATHS = "$(inherited) @executable_path/Frameworks @loader_path/Frameworks";
				PRODUCT_BUNDLE_IDENTIFIER = com.ruenzuo.FanSabisuKit;
				PRODUCT_NAME = "$(TARGET_NAME)";
				SKIP_INSTALL = YES;
				SWIFT_OPTIMIZATION_LEVEL = "-Onone";
				SWIFT_VERSION = 3.0;
				VERSIONING_SYSTEM = "apple-generic";
				VERSION_INFO_PREFIX = "";
			};
			name = Debug;
		};
		3F3544E91D98213A003941CB /* Release */ = {
			isa = XCBuildConfiguration;
			buildSettings = {
				APPLICATION_EXTENSION_API_ONLY = YES;
				CLANG_ENABLE_MODULES = YES;
				CODE_SIGN_IDENTITY = "";
				CURRENT_PROJECT_VERSION = 1;
				DEFINES_MODULE = YES;
				DEVELOPMENT_TEAM = "";
				DYLIB_COMPATIBILITY_VERSION = 1;
				DYLIB_CURRENT_VERSION = 1;
				DYLIB_INSTALL_NAME_BASE = "@rpath";
				INFOPLIST_FILE = "$(SRCROOT)/FanSabisuKit/Other sources/Info.plist";
				INSTALL_PATH = "$(LOCAL_LIBRARY_DIR)/Frameworks";
				IPHONEOS_DEPLOYMENT_TARGET = 9.0;
				LD_RUNPATH_SEARCH_PATHS = "$(inherited) @executable_path/Frameworks @loader_path/Frameworks";
				PRODUCT_BUNDLE_IDENTIFIER = com.ruenzuo.FanSabisuKit;
				PRODUCT_NAME = "$(TARGET_NAME)";
				SKIP_INSTALL = YES;
				SWIFT_VERSION = 3.0;
				VERSIONING_SYSTEM = "apple-generic";
				VERSION_INFO_PREFIX = "";
			};
			name = Release;
		};
		3FA9A7A11DB3F0E3002060EE /* Debug */ = {
			isa = XCBuildConfiguration;
			baseConfigurationReference = 3FA9A7A41DB3F103002060EE /* CommonCrypto.xcconfig */;
			buildSettings = {
				APPLICATION_EXTENSION_API_ONLY = YES;
				CODE_SIGN_IDENTITY = "";
				CURRENT_PROJECT_VERSION = 1;
				DEFINES_MODULE = YES;
				DEVELOPMENT_TEAM = "";
				DYLIB_COMPATIBILITY_VERSION = 1;
				DYLIB_CURRENT_VERSION = 1;
				DYLIB_INSTALL_NAME_BASE = "@rpath";
				INFOPLIST_FILE = "$(SRCROOT)/CommonCrypto/Other sources/Info.plist";
				INSTALL_PATH = "$(LOCAL_LIBRARY_DIR)/Frameworks";
				IPHONEOS_DEPLOYMENT_TARGET = 9.0;
				LD_RUNPATH_SEARCH_PATHS = "$(inherited) @executable_path/Frameworks @loader_path/Frameworks";
				PRODUCT_BUNDLE_IDENTIFIER = com.ruenzuo.CommonCrypto;
				PRODUCT_NAME = "$(TARGET_NAME)";
				SKIP_INSTALL = YES;
				SWIFT_VERSION = 3.0;
				VERSIONING_SYSTEM = "apple-generic";
				VERSION_INFO_PREFIX = "";
			};
			name = Debug;
		};
		3FA9A7A21DB3F0E3002060EE /* Release */ = {
			isa = XCBuildConfiguration;
			baseConfigurationReference = 3FA9A7A41DB3F103002060EE /* CommonCrypto.xcconfig */;
			buildSettings = {
				APPLICATION_EXTENSION_API_ONLY = YES;
				CODE_SIGN_IDENTITY = "";
				CURRENT_PROJECT_VERSION = 1;
				DEFINES_MODULE = YES;
				DEVELOPMENT_TEAM = "";
				DYLIB_COMPATIBILITY_VERSION = 1;
				DYLIB_CURRENT_VERSION = 1;
				DYLIB_INSTALL_NAME_BASE = "@rpath";
				INFOPLIST_FILE = "$(SRCROOT)/CommonCrypto/Other sources/Info.plist";
				INSTALL_PATH = "$(LOCAL_LIBRARY_DIR)/Frameworks";
				IPHONEOS_DEPLOYMENT_TARGET = 9.0;
				LD_RUNPATH_SEARCH_PATHS = "$(inherited) @executable_path/Frameworks @loader_path/Frameworks";
				PRODUCT_BUNDLE_IDENTIFIER = com.ruenzuo.CommonCrypto;
				PRODUCT_NAME = "$(TARGET_NAME)";
				SKIP_INSTALL = YES;
				SWIFT_VERSION = 3.0;
				VERSIONING_SYSTEM = "apple-generic";
				VERSION_INFO_PREFIX = "";
			};
			name = Release;
		};
		3FA9A7BF1DB3F2FA002060EE /* Debug */ = {
			isa = XCBuildConfiguration;
			buildSettings = {
				DEVELOPMENT_TEAM = 7A5BJMR95M;
				INFOPLIST_FILE = FanSabisuKitTests/Info.plist;
				LD_RUNPATH_SEARCH_PATHS = "$(inherited) @executable_path/Frameworks @loader_path/Frameworks";
				PRODUCT_BUNDLE_IDENTIFIER = com.ruenzuo.FanSabisuKitTests;
				PRODUCT_NAME = "$(TARGET_NAME)";
				SWIFT_VERSION = 3.0;
			};
			name = Debug;
		};
		3FA9A7C01DB3F2FA002060EE /* Release */ = {
			isa = XCBuildConfiguration;
			buildSettings = {
				DEVELOPMENT_TEAM = 7A5BJMR95M;
				INFOPLIST_FILE = FanSabisuKitTests/Info.plist;
				LD_RUNPATH_SEARCH_PATHS = "$(inherited) @executable_path/Frameworks @loader_path/Frameworks";
				PRODUCT_BUNDLE_IDENTIFIER = com.ruenzuo.FanSabisuKitTests;
				PRODUCT_NAME = "$(TARGET_NAME)";
				SWIFT_VERSION = 3.0;
			};
			name = Release;
		};
		3FE447F71D980799008E0B66 /* Debug */ = {
			isa = XCBuildConfiguration;
			buildSettings = {
				ALWAYS_SEARCH_USER_PATHS = NO;
				CLANG_ANALYZER_NONNULL = YES;
				CLANG_CXX_LANGUAGE_STANDARD = "gnu++0x";
				CLANG_CXX_LIBRARY = "libc++";
				CLANG_ENABLE_MODULES = YES;
				CLANG_ENABLE_OBJC_ARC = YES;
				CLANG_WARN_BOOL_CONVERSION = YES;
				CLANG_WARN_CONSTANT_CONVERSION = YES;
				CLANG_WARN_DIRECT_OBJC_ISA_USAGE = YES_ERROR;
				CLANG_WARN_DOCUMENTATION_COMMENTS = YES;
				CLANG_WARN_EMPTY_BODY = YES;
				CLANG_WARN_ENUM_CONVERSION = YES;
				CLANG_WARN_INFINITE_RECURSION = YES;
				CLANG_WARN_INT_CONVERSION = YES;
				CLANG_WARN_OBJC_ROOT_CLASS = YES_ERROR;
				CLANG_WARN_SUSPICIOUS_MOVE = YES;
				CLANG_WARN_SUSPICIOUS_MOVES = YES;
				CLANG_WARN_UNREACHABLE_CODE = YES;
				CLANG_WARN__DUPLICATE_METHOD_MATCH = YES;
				"CODE_SIGN_IDENTITY[sdk=iphoneos*]" = "iPhone Developer";
				COPY_PHASE_STRIP = NO;
				DEBUG_INFORMATION_FORMAT = dwarf;
				ENABLE_STRICT_OBJC_MSGSEND = YES;
				ENABLE_TESTABILITY = YES;
				GCC_C_LANGUAGE_STANDARD = gnu99;
				GCC_DYNAMIC_NO_PIC = NO;
				GCC_NO_COMMON_BLOCKS = YES;
				GCC_OPTIMIZATION_LEVEL = 0;
				GCC_PREPROCESSOR_DEFINITIONS = (
					"DEBUG=1",
					"$(inherited)",
				);
				GCC_WARN_64_TO_32_BIT_CONVERSION = YES;
				GCC_WARN_ABOUT_RETURN_TYPE = YES_ERROR;
				GCC_WARN_UNDECLARED_SELECTOR = YES;
				GCC_WARN_UNINITIALIZED_AUTOS = YES_AGGRESSIVE;
				GCC_WARN_UNUSED_FUNCTION = YES;
				GCC_WARN_UNUSED_VARIABLE = YES;
				IPHONEOS_DEPLOYMENT_TARGET = 10.0;
				MTL_ENABLE_DEBUG_INFO = YES;
				ONLY_ACTIVE_ARCH = YES;
				SDKROOT = iphoneos;
				SWIFT_ACTIVE_COMPILATION_CONDITIONS = DEBUG;
				SWIFT_OPTIMIZATION_LEVEL = "-Onone";
				TARGETED_DEVICE_FAMILY = "1,2";
			};
			name = Debug;
		};
		3FE447F81D980799008E0B66 /* Release */ = {
			isa = XCBuildConfiguration;
			buildSettings = {
				ALWAYS_SEARCH_USER_PATHS = NO;
				CLANG_ANALYZER_NONNULL = YES;
				CLANG_CXX_LANGUAGE_STANDARD = "gnu++0x";
				CLANG_CXX_LIBRARY = "libc++";
				CLANG_ENABLE_MODULES = YES;
				CLANG_ENABLE_OBJC_ARC = YES;
				CLANG_WARN_BOOL_CONVERSION = YES;
				CLANG_WARN_CONSTANT_CONVERSION = YES;
				CLANG_WARN_DIRECT_OBJC_ISA_USAGE = YES_ERROR;
				CLANG_WARN_DOCUMENTATION_COMMENTS = YES;
				CLANG_WARN_EMPTY_BODY = YES;
				CLANG_WARN_ENUM_CONVERSION = YES;
				CLANG_WARN_INFINITE_RECURSION = YES;
				CLANG_WARN_INT_CONVERSION = YES;
				CLANG_WARN_OBJC_ROOT_CLASS = YES_ERROR;
				CLANG_WARN_SUSPICIOUS_MOVE = YES;
				CLANG_WARN_SUSPICIOUS_MOVES = YES;
				CLANG_WARN_UNREACHABLE_CODE = YES;
				CLANG_WARN__DUPLICATE_METHOD_MATCH = YES;
				"CODE_SIGN_IDENTITY[sdk=iphoneos*]" = "iPhone Developer";
				COPY_PHASE_STRIP = NO;
				DEBUG_INFORMATION_FORMAT = "dwarf-with-dsym";
				ENABLE_NS_ASSERTIONS = NO;
				ENABLE_STRICT_OBJC_MSGSEND = YES;
				GCC_C_LANGUAGE_STANDARD = gnu99;
				GCC_NO_COMMON_BLOCKS = YES;
				GCC_WARN_64_TO_32_BIT_CONVERSION = YES;
				GCC_WARN_ABOUT_RETURN_TYPE = YES_ERROR;
				GCC_WARN_UNDECLARED_SELECTOR = YES;
				GCC_WARN_UNINITIALIZED_AUTOS = YES_AGGRESSIVE;
				GCC_WARN_UNUSED_FUNCTION = YES;
				GCC_WARN_UNUSED_VARIABLE = YES;
				IPHONEOS_DEPLOYMENT_TARGET = 10.0;
				MTL_ENABLE_DEBUG_INFO = NO;
				SDKROOT = iphoneos;
				SWIFT_OPTIMIZATION_LEVEL = "-Owholemodule";
				TARGETED_DEVICE_FAMILY = "1,2";
				VALIDATE_PRODUCT = YES;
			};
			name = Release;
		};
		3FE447FA1D980799008E0B66 /* Debug */ = {
			isa = XCBuildConfiguration;
			buildSettings = {
				ALWAYS_EMBED_SWIFT_STANDARD_LIBRARIES = YES;
				ASSETCATALOG_COMPILER_APPICON_NAME = AppIcon;
				CLANG_ENABLE_MODULES = YES;
				CODE_SIGN_ENTITLEMENTS = "FanSabisu/Other sources/FanSabisu.entitlements";
				DEVELOPMENT_TEAM = 7A5BJMR95M;
				INFOPLIST_FILE = "$(SRCROOT)/FanSabisu/Other sources/Info.plist";
				IPHONEOS_DEPLOYMENT_TARGET = 9.0;
				LD_RUNPATH_SEARCH_PATHS = "$(inherited) @executable_path/Frameworks";
				LIBRARY_SEARCH_PATHS = (
					"$(inherited)",
					"$(PROJECT_DIR)/Vendor/GoogleAnalytics",
				);
				PRODUCT_BUNDLE_IDENTIFIER = de.ruenzuo.fansabisu;
				PRODUCT_NAME = "$(TARGET_NAME)";
				PROVISIONING_PROFILE = "347dfc05-d249-4160-85a8-677e5cfa2f0b";
				PROVISIONING_PROFILE_SPECIFIER = "Fan Sabisu Development Profile";
				SWIFT_OBJC_BRIDGING_HEADER = "FanSabisu/Other sources/FanSabisu-Bridging-Header.h";
				SWIFT_OPTIMIZATION_LEVEL = "-Onone";
				SWIFT_VERSION = 3.0;
			};
			name = Debug;
		};
		3FE447FB1D980799008E0B66 /* Release */ = {
			isa = XCBuildConfiguration;
			buildSettings = {
				ALWAYS_EMBED_SWIFT_STANDARD_LIBRARIES = YES;
				ASSETCATALOG_COMPILER_APPICON_NAME = AppIcon;
				CLANG_ENABLE_MODULES = YES;
				CODE_SIGN_ENTITLEMENTS = "FanSabisu/Other sources/FanSabisu.entitlements";
				"CODE_SIGN_IDENTITY[sdk=iphoneos*]" = "iPhone Distribution";
				DEVELOPMENT_TEAM = 7A5BJMR95M;
				INFOPLIST_FILE = "$(SRCROOT)/FanSabisu/Other sources/Info.plist";
				IPHONEOS_DEPLOYMENT_TARGET = 9.0;
				LD_RUNPATH_SEARCH_PATHS = "$(inherited) @executable_path/Frameworks";
				LIBRARY_SEARCH_PATHS = (
					"$(inherited)",
					"$(PROJECT_DIR)/Vendor/GoogleAnalytics",
				);
				PRODUCT_BUNDLE_IDENTIFIER = de.ruenzuo.fansabisu;
				PRODUCT_NAME = "$(TARGET_NAME)";
				PROVISIONING_PROFILE = "33c1230c-1efd-4fe6-9e23-e12e0977df46";
				PROVISIONING_PROFILE_SPECIFIER = "Fan Sabisu Distribution Profile";
				SWIFT_OBJC_BRIDGING_HEADER = "FanSabisu/Other sources/FanSabisu-Bridging-Header.h";
				SWIFT_VERSION = 3.0;
			};
			name = Release;
		};
		3FF972701D992906002B9D1A /* Debug */ = {
			isa = XCBuildConfiguration;
			buildSettings = {
				ASSETCATALOG_COMPILER_APPICON_NAME = AppIcon;
				CODE_SIGN_ENTITLEMENTS = "FanSabisuActionUIExt/Other sources/FanSabisuActionUIExt.entitlements";
				DEVELOPMENT_TEAM = 7A5BJMR95M;
				INFOPLIST_FILE = "$(SRCROOT)/FanSabisuActionUIExt/Other sources/Info.plist";
				IPHONEOS_DEPLOYMENT_TARGET = 9.0;
				LD_RUNPATH_SEARCH_PATHS = "$(inherited) @executable_path/Frameworks @executable_path/../../Frameworks";
				PRODUCT_BUNDLE_IDENTIFIER = de.ruenzuo.fansabisu.actionuiext;
				PRODUCT_NAME = "$(TARGET_NAME)";
				PROVISIONING_PROFILE = "6d512ebe-d2ff-4996-9bf2-7000e7f8d4f7";
				PROVISIONING_PROFILE_SPECIFIER = "Fan Sabisu Action UI Extension Development Profile";
				SKIP_INSTALL = YES;
				SWIFT_VERSION = 3.0;
			};
			name = Debug;
		};
		3FF972711D992906002B9D1A /* Release */ = {
			isa = XCBuildConfiguration;
			buildSettings = {
				ASSETCATALOG_COMPILER_APPICON_NAME = AppIcon;
				CODE_SIGN_ENTITLEMENTS = "FanSabisuActionUIExt/Other sources/FanSabisuActionUIExt.entitlements";
				"CODE_SIGN_IDENTITY[sdk=iphoneos*]" = "iPhone Distribution";
				DEVELOPMENT_TEAM = 7A5BJMR95M;
				INFOPLIST_FILE = "$(SRCROOT)/FanSabisuActionUIExt/Other sources/Info.plist";
				IPHONEOS_DEPLOYMENT_TARGET = 9.0;
				LD_RUNPATH_SEARCH_PATHS = "$(inherited) @executable_path/Frameworks @executable_path/../../Frameworks";
				PRODUCT_BUNDLE_IDENTIFIER = de.ruenzuo.fansabisu.actionuiext;
				PRODUCT_NAME = "$(TARGET_NAME)";
				PROVISIONING_PROFILE = "6b548540-d6b8-4cb9-bbbf-ce0b6c129008";
				PROVISIONING_PROFILE_SPECIFIER = "Fan Sabisu Action UI Extension Distribution Profil";
				SKIP_INSTALL = YES;
				SWIFT_VERSION = 3.0;
			};
			name = Release;
		};
/* End XCBuildConfiguration section */

/* Begin XCConfigurationList section */
		3F3544E71D98213A003941CB /* Build configuration list for PBXNativeTarget "FanSabisuKit" */ = {
			isa = XCConfigurationList;
			buildConfigurations = (
				3F3544E81D98213A003941CB /* Debug */,
				3F3544E91D98213A003941CB /* Release */,
			);
			defaultConfigurationIsVisible = 0;
			defaultConfigurationName = Release;
		};
		3FA9A7A31DB3F0E3002060EE /* Build configuration list for PBXNativeTarget "CommonCrypto" */ = {
			isa = XCConfigurationList;
			buildConfigurations = (
				3FA9A7A11DB3F0E3002060EE /* Debug */,
				3FA9A7A21DB3F0E3002060EE /* Release */,
			);
			defaultConfigurationIsVisible = 0;
			defaultConfigurationName = Release;
		};
		3FA9A7BE1DB3F2FA002060EE /* Build configuration list for PBXNativeTarget "FanSabisuKitTests" */ = {
			isa = XCConfigurationList;
			buildConfigurations = (
				3FA9A7BF1DB3F2FA002060EE /* Debug */,
				3FA9A7C01DB3F2FA002060EE /* Release */,
			);
			defaultConfigurationIsVisible = 0;
			defaultConfigurationName = Release;
		};
		3FE447E21D980799008E0B66 /* Build configuration list for PBXProject "FanSabisu" */ = {
			isa = XCConfigurationList;
			buildConfigurations = (
				3FE447F71D980799008E0B66 /* Debug */,
				3FE447F81D980799008E0B66 /* Release */,
			);
			defaultConfigurationIsVisible = 0;
			defaultConfigurationName = Release;
		};
		3FE447F91D980799008E0B66 /* Build configuration list for PBXNativeTarget "FanSabisu" */ = {
			isa = XCConfigurationList;
			buildConfigurations = (
				3FE447FA1D980799008E0B66 /* Debug */,
				3FE447FB1D980799008E0B66 /* Release */,
			);
			defaultConfigurationIsVisible = 0;
			defaultConfigurationName = Release;
		};
		3FF9726F1D992906002B9D1A /* Build configuration list for PBXNativeTarget "FanSabisuActionUIExt" */ = {
			isa = XCConfigurationList;
			buildConfigurations = (
				3FF972701D992906002B9D1A /* Debug */,
				3FF972711D992906002B9D1A /* Release */,
			);
			defaultConfigurationIsVisible = 0;
			defaultConfigurationName = Release;
		};
/* End XCConfigurationList section */
	};
	rootObject = 3FE447DF1D980799008E0B66 /* Project object */;
}
